// !$*UTF8*$!
{
	archiveVersion = 1;
	classes = {
	};
	objectVersion = 46;
	objects = {

/* Begin PBXBuildFile section */
		28F1DC901E1D27B40068E418 /* main.m in Sources */ = {isa = PBXBuildFile; fileRef = 28F1DC8F1E1D27B40068E418 /* main.m */; };
		28F1DC981E1D28100068E418 /* QuickSort.m in Sources */ = {isa = PBXBuildFile; fileRef = 28F1DC971E1D28100068E418 /* QuickSort.m */; };
/* End PBXBuildFile section */

/* Begin PBXCopyFilesBuildPhase section */
		28F1DC8A1E1D27B40068E418 /* CopyFiles */ = {
			isa = PBXCopyFilesBuildPhase;
			buildActionMask = 2147483647;
			dstPath = /usr/share/man/man1/;
			dstSubfolderSpec = 0;
			files = (
			);
			runOnlyForDeploymentPostprocessing = 1;
		};
/* End PBXCopyFilesBuildPhase section */

/* Begin PBXFileReference section */
		28F1DC8C1E1D27B40068E418 /* Quick Sort */ = {isa = PBXFileReference; explicitFileType = "compiled.mach-o.executable"; includeInIndex = 0; path = "Quick Sort"; sourceTree = BUILT_PRODUCTS_DIR; };
		28F1DC8F1E1D27B40068E418 /* main.m */ = {isa = PBXFileReference; lastKnownFileType = sourcecode.c.objc; path = main.m; sourceTree = "<group>"; };
		28F1DC961E1D28100068E418 /* QuickSort.h */ = {isa = PBXFileReference; fileEncoding = 4; lastKnownFileType = sourcecode.c.h; path = QuickSort.h; sourceTree = "<group>"; };
		28F1DC971E1D28100068E418 /* QuickSort.m */ = {isa = PBXFileReference; fileEncoding = 4; lastKnownFileType = sourcecode.c.objc; path = QuickSort.m; sourceTree = "<group>"; };
/* End PBXFileReference section */

/* Begin PBXFrameworksBuildPhase section */
		28F1DC891E1D27B40068E418 /* Frameworks */ = {
			isa = PBXFrameworksBuildPhase;
			buildActionMask = 2147483647;
			files = (
			);
			runOnlyForDeploymentPostprocessing = 0;
		};
/* End PBXFrameworksBuildPhase section */

/* Begin PBXGroup section */
		28F1DC831E1D27B40068E418 = {
			isa = PBXGroup;
			children = (
				28F1DC8E1E1D27B40068E418 /* Quick Sort */,
				28F1DC8D1E1D27B40068E418 /* Products */,
			);
			sourceTree = "<group>";
		};
		28F1DC8D1E1D27B40068E418 /* Products */ = {
			isa = PBXGroup;
			children = (
				28F1DC8C1E1D27B40068E418 /* Quick Sort */,
			);
			name = Products;
			sourceTree = "<group>";
		};
		28F1DC8E1E1D27B40068E418 /* Quick Sort */ = {
			isa = PBXGroup;
			children = (
				28F1DC8F1E1D27B40068E418 /* main.m */,
				28F1DC961E1D28100068E418 /* QuickSort.h */,
				28F1DC971E1D28100068E418 /* QuickSort.m */,
			);
			path = "Quick Sort";
			sourceTree = "<group>";
		};
/* End PBXGroup section */

/* Begin PBXNativeTarget section */
		28F1DC8B1E1D27B40068E418 /* Quick Sort */ = {
			isa = PBXNativeTarget;
			buildConfigurationList = 28F1DC931E1D27B40068E418 /* Build configuration list for PBXNativeTarget "Quick Sort" */;
			buildPhases = (
				28F1DC881E1D27B40068E418 /* Sources */,
				28F1DC891E1D27B40068E418 /* Frameworks */,
				28F1DC8A1E1D27B40068E418 /* CopyFiles */,
			);
			buildRules = (
			);
			dependencies = (
			);
			name = "Quick Sort";
			productName = "Quick Sort";
			productReference = 28F1DC8C1E1D27B40068E418 /* Quick Sort */;
			productType = "com.apple.product-type.tool";
		};
/* End PBXNativeTarget section */

/* Begin PBXProject section */
		28F1DC841E1D27B40068E418 /* Project object */ = {
			isa = PBXProject;
			attributes = {
				LastUpgradeCheck = 0820;
				ORGANIZATIONNAME = "Yongyang Nie";
				TargetAttributes = {
					28F1DC8B1E1D27B40068E418 = {
						CreatedOnToolsVersion = 8.2.1;
						DevelopmentTeam = 8NZ8K5GNH8;
						ProvisioningStyle = Automatic;
					};
				};
			};
			buildConfigurationList = 28F1DC871E1D27B40068E418 /* Build configuration list for PBXProject "Quick Sort" */;
			compatibilityVersion = "Xcode 3.2";
			developmentRegion = English;
			hasScannedForEncodings = 0;
			knownRegions = (
				en,
			);
			mainGroup = 28F1DC831E1D27B40068E418;
			productRefGroup = 28F1DC8D1E1D27B40068E418 /* Products */;
			projectDirPath = "";
			projectRoot = "";
			targets = (
				28F1DC8B1E1D27B40068E418 /* Quick Sort */,
			);
		};
/* End PBXProject section */

/* Begin PBXSourcesBuildPhase section */
		28F1DC881E1D27B40068E418 /* Sources */ = {
			isa = PBXSourcesBuildPhase;
			buildActionMask = 2147483647;
			files = (
				28F1DC901E1D27B40068E418 /* main.m in Sources */,
				28F1DC981E1D28100068E418 /* QuickSort.m in Sources */,
			);
			runOnlyForDeploymentPostprocessing = 0;
		};
/* End PBXSourcesBuildPhase section */

/* Begin XCBuildConfiguration section */
		28F1DC911E1D27B40068E418 /* Debug */ = {
			isa = XCBuildConfiguration;
			buildSettings = {
				ALWAYS_SEARCH_USER_PATHS = NO;
				CLANG_ANALYZER_NONNULL = YES;
				CLANG_CXX_LANGUAGE_STANDARD = "gnu++0x";
				CLANG_CXX_LIBRARY = "libc++";
				CLANG_ENABLE_MODULES = YES;
				CLANG_ENABLE_OBJC_ARC = YES;
				CLANG_WARN_BOOL_CONVERSION = YES;
				CLANG_WARN_CONSTANT_CONVERSION = YES;
				CLANG_WARN_DIRECT_OBJC_ISA_USAGE = YES_ERROR;
				CLANG_WARN_DOCUMENTATION_COMMENTS = YES;
				CLANG_WARN_EMPTY_BODY = YES;
				CLANG_WARN_ENUM_CONVERSION = YES;
				CLANG_WARN_INFINITE_RECURSION = YES;
				CLANG_WARN_INT_CONVERSION = YES;
				CLANG_WARN_OBJC_ROOT_CLASS = YES_ERROR;
				CLANG_WARN_SUSPICIOUS_MOVE = YES;
				CLANG_WARN_UNREACHABLE_CODE = YES;
				CLANG_WARN__DUPLICATE_METHOD_MATCH = YES;
				CODE_SIGN_IDENTITY = "-";
				COPY_PHASE_STRIP = NO;
				DEBUG_INFORMATION_FORMAT = dwarf;
				ENABLE_STRICT_OBJC_MSGSEND = YES;
				ENABLE_TESTABILITY = YES;
				GCC_C_LANGUAGE_STANDARD = gnu99;
				GCC_DYNAMIC_NO_PIC = NO;
				GCC_NO_COMMON_BLOCKS = YES;
				GCC_OPTIMIZATION_LEVEL = 0;
				GCC_PREPROCESSOR_DEFINITIONS = (
					"DEBUG=1",
					"$(inherited)",
				);
				GCC_WARN_64_TO_32_BIT_CONVERSION = YES;
				GCC_WARN_ABOUT_RETURN_TYPE = YES_ERROR;
				GCC_WARN_UNDECLARED_SELECTOR = YES;
				GCC_WARN_UNINITIALIZED_AUTOS = YES_AGGRESSIVE;
				GCC_WARN_UNUSED_FUNCTION = YES;
				GCC_WARN_UNUSED_VARIABLE = YES;
				MACOSX_DEPLOYMENT_TARGET = 10.12;
				MTL_ENABLE_DEBUG_INFO = YES;
				ONLY_ACTIVE_ARCH = YES;
				SDKROOT = macosx;
			};
			name = Debug;
		};
		28F1DC921E1D27B40068E418 /* Release */ = {
			isa = XCBuildConfiguration;
			buildSettings = {
				ALWAYS_SEARCH_USER_PATHS = NO;
				CLANG_ANALYZER_NONNULL = YES;
				CLANG_CXX_LANGUAGE_STANDARD = "gnu++0x";
				CLANG_CXX_LIBRARY = "libc++";
				CLANG_ENABLE_MODULES = YES;
				CLANG_ENABLE_OBJC_ARC = YES;
				CLANG_WARN_BOOL_CONVERSION = YES;
				CLANG_WARN_CONSTANT_CONVERSION = YES;
				CLANG_WARN_DIRECT_OBJC_ISA_USAGE = YES_ERROR;
				CLANG_WARN_DOCUMENTATION_COMMENTS = YES;
				CLANG_WARN_EMPTY_BODY = YES;
				CLANG_WARN_ENUM_CONVERSION = YES;
				CLANG_WARN_INFINITE_RECURSION = YES;
				CLANG_WARN_INT_CONVERSION = YES;
				CLANG_WARN_OBJC_ROOT_CLASS = YES_ERROR;
				CLANG_WARN_SUSPICIOUS_MOVE = YES;
				CLANG_WARN_UNREACHABLE_CODE = YES;
				CLANG_WARN__DUPLICATE_METHOD_MATCH = YES;
				CODE_SIGN_IDENTITY = "-";
				COPY_PHASE_STRIP = NO;
				DEBUG_INFORMATION_FORMAT = "dwarf-with-dsym";
				ENABLE_NS_ASSERTIONS = NO;
				ENABLE_STRICT_OBJC_MSGSEND = YES;
				GCC_C_LANGUAGE_STANDARD = gnu99;
				GCC_NO_COMMON_BLOCKS = YES;
				GCC_WARN_64_TO_32_BIT_CONVERSION = YES;
				GCC_WARN_ABOUT_RETURN_TYPE = YES_ERROR;
				GCC_WARN_UNDECLARED_SELECTOR = YES;
				GCC_WARN_UNINITIALIZED_AUTOS = YES_AGGRESSIVE;
				GCC_WARN_UNUSED_FUNCTION = YES;
				GCC_WARN_UNUSED_VARIABLE = YES;
				MACOSX_DEPLOYMENT_TARGET = 10.12;
				MTL_ENABLE_DEBUG_INFO = NO;
				SDKROOT = macosx;
			};
			name = Release;
		};
		28F1DC941E1D27B40068E418 /* Debug */ = {
			isa = XCBuildConfiguration;
			buildSettings = {
				DEVELOPMENT_TEAM = 8NZ8K5GNH8;
				PRODUCT_NAME = "$(TARGET_NAME)";
			};
			name = Debug;
		};
		28F1DC951E1D27B40068E418 /* Release */ = {
			isa = XCBuildConfiguration;
			buildSettings = {
				DEVELOPMENT_TEAM = 8NZ8K5GNH8;
				PRODUCT_NAME = "$(TARGET_NAME)";
			};
			name = Release;
		};
/* End XCBuildConfiguration section */

/* Begin XCConfigurationList section */
		28F1DC871E1D27B40068E418 /* Build configuration list for PBXProject "Quick Sort" */ = {
			isa = XCConfigurationList;
			buildConfigurations = (
				28F1DC911E1D27B40068E418 /* Debug */,
				28F1DC921E1D27B40068E418 /* Release */,
			);
			defaultConfigurationIsVisible = 0;
			defaultConfigurationName = Release;
		};
		28F1DC931E1D27B40068E418 /* Build configuration list for PBXNativeTarget "Quick Sort" */ = {
			isa = XCConfigurationList;
			buildConfigurations = (
				28F1DC941E1D27B40068E418 /* Debug */,
				28F1DC951E1D27B40068E418 /* Release */,
			);
			defaultConfigurationIsVisible = 0;
		};
/* End XCConfigurationList section */
	};
	rootObject = 28F1DC841E1D27B40068E418 /* Project object */;
}
