// !$*UTF8*$!
{
	archiveVersion = 1;
	classes = {
	};
	objectVersion = 46;
	objects = {

/* Begin PBXBuildFile section */
		28D6F9C71DC8CC290064A333 /* AppDelegate.m in Sources */ = {isa = PBXBuildFile; fileRef = 28D6F9C61DC8CC290064A333 /* AppDelegate.m */; };
		28D6F9CA1DC8CC290064A333 /* main.m in Sources */ = {isa = PBXBuildFile; fileRef = 28D6F9C91DC8CC290064A333 /* main.m */; };
		28D6F9CC1DC8CC290064A333 /* GameScene.sks in Resources */ = {isa = PBXBuildFile; fileRef = 28D6F9CB1DC8CC290064A333 /* GameScene.sks */; };
		28D6F9CE1DC8CC290064A333 /* Actions.sks in Resources */ = {isa = PBXBuildFile; fileRef = 28D6F9CD1DC8CC290064A333 /* Actions.sks */; };
		28D6F9D11DC8CC290064A333 /* GameScene.m in Sources */ = {isa = PBXBuildFile; fileRef = 28D6F9D01DC8CC290064A333 /* GameScene.m */; };
		28D6F9D41DC8CC290064A333 /* MazeViewController.m in Sources */ = {isa = PBXBuildFile; fileRef = 28D6F9D31DC8CC290064A333 /* MazeViewController.m */; };
		28D6F9D61DC8CC290064A333 /* Assets.xcassets in Resources */ = {isa = PBXBuildFile; fileRef = 28D6F9D51DC8CC290064A333 /* Assets.xcassets */; };
		28D6F9D91DC8CC290064A333 /* Main.storyboard in Resources */ = {isa = PBXBuildFile; fileRef = 28D6F9D71DC8CC290064A333 /* Main.storyboard */; };
		28D6F9E41DC8CC2A0064A333 /* MazeTests.m in Sources */ = {isa = PBXBuildFile; fileRef = 28D6F9E31DC8CC2A0064A333 /* MazeTests.m */; };
		28D6FA001DC8CC3D0064A333 /* Queue.m in Sources */ = {isa = PBXBuildFile; fileRef = 28D6F9FD1DC8CC3D0064A333 /* Queue.m */; };
		28D6FA011DC8CC3D0064A333 /* Stack.m in Sources */ = {isa = PBXBuildFile; fileRef = 28D6F9FF1DC8CC3D0064A333 /* Stack.m */; };
		28D6FA081DC8CCBE0064A333 /* MZMove.m in Sources */ = {isa = PBXBuildFile; fileRef = 28D6FA071DC8CCBE0064A333 /* MZMove.m */; };
		28D6FA131DC8CD310064A333 /* LinkedList.m in Sources */ = {isa = PBXBuildFile; fileRef = 28D6FA101DC8CD310064A333 /* LinkedList.m */; };
		28D6FA141DC8CD310064A333 /* LinkedListNode.m in Sources */ = {isa = PBXBuildFile; fileRef = 28D6FA121DC8CD310064A333 /* LinkedListNode.m */; };
		28D6FA171DC922BB0064A333 /* Maze.m in Sources */ = {isa = PBXBuildFile; fileRef = 28D6FA161DC922BB0064A333 /* Maze.m */; };
/* End PBXBuildFile section */

/* Begin PBXContainerItemProxy section */
		28D6F9E01DC8CC2A0064A333 /* PBXContainerItemProxy */ = {
			isa = PBXContainerItemProxy;
			containerPortal = 28D6F9BA1DC8CC290064A333 /* Project object */;
			proxyType = 1;
			remoteGlobalIDString = 28D6F9C11DC8CC290064A333;
			remoteInfo = Maze;
		};
		28D6F9EB1DC8CC2A0064A333 /* PBXContainerItemProxy */ = {
			isa = PBXContainerItemProxy;
			containerPortal = 28D6F9BA1DC8CC290064A333 /* Project object */;
			proxyType = 1;
			remoteGlobalIDString = 28D6F9C11DC8CC290064A333;
			remoteInfo = Maze;
		};
/* End PBXContainerItemProxy section */

/* Begin PBXFileReference section */
		28D6F9C21DC8CC290064A333 /* Maze.app */ = {isa = PBXFileReference; explicitFileType = wrapper.application; includeInIndex = 0; path = Maze.app; sourceTree = BUILT_PRODUCTS_DIR; };
		28D6F9C51DC8CC290064A333 /* AppDelegate.h */ = {isa = PBXFileReference; lastKnownFileType = sourcecode.c.h; path = AppDelegate.h; sourceTree = "<group>"; };
		28D6F9C61DC8CC290064A333 /* AppDelegate.m */ = {isa = PBXFileReference; lastKnownFileType = sourcecode.c.objc; path = AppDelegate.m; sourceTree = "<group>"; };
		28D6F9C91DC8CC290064A333 /* main.m */ = {isa = PBXFileReference; lastKnownFileType = sourcecode.c.objc; path = main.m; sourceTree = "<group>"; };
		28D6F9CB1DC8CC290064A333 /* GameScene.sks */ = {isa = PBXFileReference; lastKnownFileType = file.sks; path = GameScene.sks; sourceTree = "<group>"; };
		28D6F9CD1DC8CC290064A333 /* Actions.sks */ = {isa = PBXFileReference; lastKnownFileType = file.sks; path = Actions.sks; sourceTree = "<group>"; };
		28D6F9CF1DC8CC290064A333 /* GameScene.h */ = {isa = PBXFileReference; lastKnownFileType = sourcecode.c.h; path = GameScene.h; sourceTree = "<group>"; };
		28D6F9D01DC8CC290064A333 /* GameScene.m */ = {isa = PBXFileReference; lastKnownFileType = sourcecode.c.objc; path = GameScene.m; sourceTree = "<group>"; };
		28D6F9D21DC8CC290064A333 /* MazeViewController.h */ = {isa = PBXFileReference; lastKnownFileType = sourcecode.c.h; path = MazeViewController.h; sourceTree = "<group>"; };
		28D6F9D31DC8CC290064A333 /* MazeViewController.m */ = {isa = PBXFileReference; lastKnownFileType = sourcecode.c.objc; path = MazeViewController.m; sourceTree = "<group>"; };
		28D6F9D51DC8CC290064A333 /* Assets.xcassets */ = {isa = PBXFileReference; lastKnownFileType = folder.assetcatalog; path = Assets.xcassets; sourceTree = "<group>"; };
		28D6F9D81DC8CC290064A333 /* Base */ = {isa = PBXFileReference; lastKnownFileType = file.storyboard; name = Base; path = Base.lproj/Main.storyboard; sourceTree = "<group>"; };
		28D6F9DA1DC8CC2A0064A333 /* Info.plist */ = {isa = PBXFileReference; lastKnownFileType = text.plist.xml; path = Info.plist; sourceTree = "<group>"; };
		28D6F9DF1DC8CC2A0064A333 /* MazeTests.xctest */ = {isa = PBXFileReference; explicitFileType = wrapper.cfbundle; includeInIndex = 0; path = MazeTests.xctest; sourceTree = BUILT_PRODUCTS_DIR; };
		28D6F9E31DC8CC2A0064A333 /* MazeTests.m */ = {isa = PBXFileReference; lastKnownFileType = sourcecode.c.objc; path = MazeTests.m; sourceTree = "<group>"; };
		28D6F9E51DC8CC2A0064A333 /* Info.plist */ = {isa = PBXFileReference; lastKnownFileType = text.plist.xml; path = Info.plist; sourceTree = "<group>"; };
		28D6F9EA1DC8CC2A0064A333 /* MazeUITests.xctest */ = {isa = PBXFileReference; explicitFileType = wrapper.cfbundle; includeInIndex = 0; path = MazeUITests.xctest; sourceTree = BUILT_PRODUCTS_DIR; };
		28D6F9FC1DC8CC3D0064A333 /* Queue.h */ = {isa = PBXFileReference; fileEncoding = 4; lastKnownFileType = sourcecode.c.h; path = Queue.h; sourceTree = "<group>"; };
		28D6F9FD1DC8CC3D0064A333 /* Queue.m */ = {isa = PBXFileReference; fileEncoding = 4; lastKnownFileType = sourcecode.c.objc; path = Queue.m; sourceTree = "<group>"; };
		28D6F9FE1DC8CC3D0064A333 /* Stack.h */ = {isa = PBXFileReference; fileEncoding = 4; lastKnownFileType = sourcecode.c.h; path = Stack.h; sourceTree = "<group>"; };
		28D6F9FF1DC8CC3D0064A333 /* Stack.m */ = {isa = PBXFileReference; fileEncoding = 4; lastKnownFileType = sourcecode.c.objc; path = Stack.m; sourceTree = "<group>"; };
		28D6FA061DC8CCBE0064A333 /* MZMove.h */ = {isa = PBXFileReference; fileEncoding = 4; lastKnownFileType = sourcecode.c.h; path = MZMove.h; sourceTree = "<group>"; };
		28D6FA071DC8CCBE0064A333 /* MZMove.m */ = {isa = PBXFileReference; fileEncoding = 4; lastKnownFileType = sourcecode.c.objc; path = MZMove.m; sourceTree = "<group>"; };
		28D6FA0F1DC8CD310064A333 /* LinkedList.h */ = {isa = PBXFileReference; fileEncoding = 4; lastKnownFileType = sourcecode.c.h; name = LinkedList.h; path = ../../FriendList/FriendList/LinkedList.h; sourceTree = "<group>"; };
		28D6FA101DC8CD310064A333 /* LinkedList.m */ = {isa = PBXFileReference; fileEncoding = 4; lastKnownFileType = sourcecode.c.objc; name = LinkedList.m; path = ../../FriendList/FriendList/LinkedList.m; sourceTree = "<group>"; };
		28D6FA111DC8CD310064A333 /* LinkedListNode.h */ = {isa = PBXFileReference; fileEncoding = 4; lastKnownFileType = sourcecode.c.h; name = LinkedListNode.h; path = ../../FriendList/FriendList/LinkedListNode.h; sourceTree = "<group>"; };
		28D6FA121DC8CD310064A333 /* LinkedListNode.m */ = {isa = PBXFileReference; fileEncoding = 4; lastKnownFileType = sourcecode.c.objc; name = LinkedListNode.m; path = ../../FriendList/FriendList/LinkedListNode.m; sourceTree = "<group>"; };
		28D6FA151DC922BB0064A333 /* Maze.h */ = {isa = PBXFileReference; fileEncoding = 4; lastKnownFileType = sourcecode.c.h; path = Maze.h; sourceTree = "<group>"; };
		28D6FA161DC922BB0064A333 /* Maze.m */ = {isa = PBXFileReference; fileEncoding = 4; lastKnownFileType = sourcecode.c.objc; path = Maze.m; sourceTree = "<group>"; };
/* End PBXFileReference section */

/* Begin PBXFrameworksBuildPhase section */
		28D6F9BF1DC8CC290064A333 /* Frameworks */ = {
			isa = PBXFrameworksBuildPhase;
			buildActionMask = 2147483647;
			files = (
			);
			runOnlyForDeploymentPostprocessing = 0;
		};
		28D6F9DC1DC8CC2A0064A333 /* Frameworks */ = {
			isa = PBXFrameworksBuildPhase;
			buildActionMask = 2147483647;
			files = (
			);
			runOnlyForDeploymentPostprocessing = 0;
		};
		28D6F9E71DC8CC2A0064A333 /* Frameworks */ = {
			isa = PBXFrameworksBuildPhase;
			buildActionMask = 2147483647;
			files = (
			);
			runOnlyForDeploymentPostprocessing = 0;
		};
/* End PBXFrameworksBuildPhase section */

/* Begin PBXGroup section */
		28D6F9B91DC8CC290064A333 = {
			isa = PBXGroup;
			children = (
				28D6F9C41DC8CC290064A333 /* Maze */,
				28D6F9E21DC8CC2A0064A333 /* MazeTests */,
				28D6F9C31DC8CC290064A333 /* Products */,
			);
			sourceTree = "<group>";
		};
		28D6F9C31DC8CC290064A333 /* Products */ = {
			isa = PBXGroup;
			children = (
				28D6F9C21DC8CC290064A333 /* Maze.app */,
				28D6F9DF1DC8CC2A0064A333 /* MazeTests.xctest */,
				28D6F9EA1DC8CC2A0064A333 /* MazeUITests.xctest */,
			);
			name = Products;
			sourceTree = "<group>";
		};
		28D6F9C41DC8CC290064A333 /* Maze */ = {
			isa = PBXGroup;
			children = (
				28D6FA1D1DC94A340064A333 /* ViewControllers */,
				28D6FA1C1DC94A190064A333 /* Scene */,
				28D6FA021DC8CC400064A333 /* Classes */,
				28D6F9C81DC8CC290064A333 /* Supporting Files */,
			);
			path = Maze;
			sourceTree = "<group>";
		};
		28D6F9C81DC8CC290064A333 /* Supporting Files */ = {
			isa = PBXGroup;
			children = (
				28D6F9D71DC8CC290064A333 /* Main.storyboard */,
				28D6F9C51DC8CC290064A333 /* AppDelegate.h */,
				28D6F9C61DC8CC290064A333 /* AppDelegate.m */,
				28D6F9D51DC8CC290064A333 /* Assets.xcassets */,
				28D6F9DA1DC8CC2A0064A333 /* Info.plist */,
				28D6F9C91DC8CC290064A333 /* main.m */,
			);
			name = "Supporting Files";
			sourceTree = "<group>";
		};
		28D6F9E21DC8CC2A0064A333 /* MazeTests */ = {
			isa = PBXGroup;
			children = (
				28D6F9E31DC8CC2A0064A333 /* MazeTests.m */,
				28D6F9E51DC8CC2A0064A333 /* Info.plist */,
			);
			path = MazeTests;
			sourceTree = "<group>";
		};
		28D6FA021DC8CC400064A333 /* Classes */ = {
			isa = PBXGroup;
			children = (
				28D6F9CF1DC8CC290064A333 /* GameScene.h */,
				28D6F9D01DC8CC290064A333 /* GameScene.m */,
				28D6FA151DC922BB0064A333 /* Maze.h */,
				28D6FA161DC922BB0064A333 /* Maze.m */,
				28D6FA061DC8CCBE0064A333 /* MZMove.h */,
				28D6FA071DC8CCBE0064A333 /* MZMove.m */,
				28D6FA1B1DC94A0C0064A333 /* Data */,
			);
			name = Classes;
			sourceTree = "<group>";
		};
		28D6FA1B1DC94A0C0064A333 /* Data */ = {
			isa = PBXGroup;
			children = (
				28D6F9FE1DC8CC3D0064A333 /* Stack.h */,
				28D6F9FF1DC8CC3D0064A333 /* Stack.m */,
				28D6F9FC1DC8CC3D0064A333 /* Queue.h */,
				28D6F9FD1DC8CC3D0064A333 /* Queue.m */,
				28D6FA0F1DC8CD310064A333 /* LinkedList.h */,
				28D6FA101DC8CD310064A333 /* LinkedList.m */,
				28D6FA111DC8CD310064A333 /* LinkedListNode.h */,
				28D6FA121DC8CD310064A333 /* LinkedListNode.m */,
			);
			name = Data;
			sourceTree = "<group>";
		};
		28D6FA1C1DC94A190064A333 /* Scene */ = {
			isa = PBXGroup;
			children = (
				28D6F9CB1DC8CC290064A333 /* GameScene.sks */,
				28D6F9CD1DC8CC290064A333 /* Actions.sks */,
			);
			name = Scene;
			sourceTree = "<group>";
		};
		28D6FA1D1DC94A340064A333 /* ViewControllers */ = {
			isa = PBXGroup;
			children = (
				28D6F9D21DC8CC290064A333 /* MazeViewController.h */,
				28D6F9D31DC8CC290064A333 /* MazeViewController.m */,
			);
			name = ViewControllers;
			sourceTree = "<group>";
		};
/* End PBXGroup section */

/* Begin PBXNativeTarget section */
		28D6F9C11DC8CC290064A333 /* Maze */ = {
			isa = PBXNativeTarget;
			buildConfigurationList = 28D6F9F31DC8CC2A0064A333 /* Build configuration list for PBXNativeTarget "Maze" */;
			buildPhases = (
				28D6F9BE1DC8CC290064A333 /* Sources */,
				28D6F9BF1DC8CC290064A333 /* Frameworks */,
				28D6F9C01DC8CC290064A333 /* Resources */,
			);
			buildRules = (
			);
			dependencies = (
			);
			name = Maze;
			productName = Maze;
			productReference = 28D6F9C21DC8CC290064A333 /* Maze.app */;
			productType = "com.apple.product-type.application";
		};
		28D6F9DE1DC8CC2A0064A333 /* MazeTests */ = {
			isa = PBXNativeTarget;
			buildConfigurationList = 28D6F9F61DC8CC2A0064A333 /* Build configuration list for PBXNativeTarget "MazeTests" */;
			buildPhases = (
				28D6F9DB1DC8CC2A0064A333 /* Sources */,
				28D6F9DC1DC8CC2A0064A333 /* Frameworks */,
				28D6F9DD1DC8CC2A0064A333 /* Resources */,
			);
			buildRules = (
			);
			dependencies = (
				28D6F9E11DC8CC2A0064A333 /* PBXTargetDependency */,
			);
			name = MazeTests;
			productName = MazeTests;
			productReference = 28D6F9DF1DC8CC2A0064A333 /* MazeTests.xctest */;
			productType = "com.apple.product-type.bundle.unit-test";
		};
		28D6F9E91DC8CC2A0064A333 /* MazeUITests */ = {
			isa = PBXNativeTarget;
			buildConfigurationList = 28D6F9F91DC8CC2A0064A333 /* Build configuration list for PBXNativeTarget "MazeUITests" */;
			buildPhases = (
				28D6F9E61DC8CC2A0064A333 /* Sources */,
				28D6F9E71DC8CC2A0064A333 /* Frameworks */,
				28D6F9E81DC8CC2A0064A333 /* Resources */,
			);
			buildRules = (
			);
			dependencies = (
				28D6F9EC1DC8CC2A0064A333 /* PBXTargetDependency */,
			);
			name = MazeUITests;
			productName = MazeUITests;
			productReference = 28D6F9EA1DC8CC2A0064A333 /* MazeUITests.xctest */;
			productType = "com.apple.product-type.bundle.ui-testing";
		};
/* End PBXNativeTarget section */

/* Begin PBXProject section */
		28D6F9BA1DC8CC290064A333 /* Project object */ = {
			isa = PBXProject;
			attributes = {
				LastUpgradeCheck = 0810;
				ORGANIZATIONNAME = "Yongyang Nie";
				TargetAttributes = {
					28D6F9C11DC8CC290064A333 = {
						CreatedOnToolsVersion = 8.1;
						DevelopmentTeam = 8NZ8K5GNH8;
						ProvisioningStyle = Automatic;
					};
					28D6F9DE1DC8CC2A0064A333 = {
						CreatedOnToolsVersion = 8.1;
						DevelopmentTeam = 8NZ8K5GNH8;
						ProvisioningStyle = Automatic;
						TestTargetID = 28D6F9C11DC8CC290064A333;
					};
					28D6F9E91DC8CC2A0064A333 = {
						CreatedOnToolsVersion = 8.1;
						DevelopmentTeam = 8NZ8K5GNH8;
						ProvisioningStyle = Automatic;
						TestTargetID = 28D6F9C11DC8CC290064A333;
					};
				};
			};
			buildConfigurationList = 28D6F9BD1DC8CC290064A333 /* Build configuration list for PBXProject "Maze" */;
			compatibilityVersion = "Xcode 3.2";
			developmentRegion = English;
			hasScannedForEncodings = 0;
			knownRegions = (
				en,
				Base,
			);
			mainGroup = 28D6F9B91DC8CC290064A333;
			productRefGroup = 28D6F9C31DC8CC290064A333 /* Products */;
			projectDirPath = "";
			projectRoot = "";
			targets = (
				28D6F9C11DC8CC290064A333 /* Maze */,
				28D6F9DE1DC8CC2A0064A333 /* MazeTests */,
				28D6F9E91DC8CC2A0064A333 /* MazeUITests */,
			);
		};
/* End PBXProject section */

/* Begin PBXResourcesBuildPhase section */
		28D6F9C01DC8CC290064A333 /* Resources */ = {
			isa = PBXResourcesBuildPhase;
			buildActionMask = 2147483647;
			files = (
				28D6F9CC1DC8CC290064A333 /* GameScene.sks in Resources */,
				28D6F9D61DC8CC290064A333 /* Assets.xcassets in Resources */,
				28D6F9CE1DC8CC290064A333 /* Actions.sks in Resources */,
				28D6F9D91DC8CC290064A333 /* Main.storyboard in Resources */,
			);
			runOnlyForDeploymentPostprocessing = 0;
		};
		28D6F9DD1DC8CC2A0064A333 /* Resources */ = {
			isa = PBXResourcesBuildPhase;
			buildActionMask = 2147483647;
			files = (
			);
			runOnlyForDeploymentPostprocessing = 0;
		};
		28D6F9E81DC8CC2A0064A333 /* Resources */ = {
			isa = PBXResourcesBuildPhase;
			buildActionMask = 2147483647;
			files = (
			);
			runOnlyForDeploymentPostprocessing = 0;
		};
/* End PBXResourcesBuildPhase section */

/* Begin PBXSourcesBuildPhase section */
		28D6F9BE1DC8CC290064A333 /* Sources */ = {
			isa = PBXSourcesBuildPhase;
			buildActionMask = 2147483647;
			files = (
				28D6FA011DC8CC3D0064A333 /* Stack.m in Sources */,
				28D6FA081DC8CCBE0064A333 /* MZMove.m in Sources */,
				28D6FA001DC8CC3D0064A333 /* Queue.m in Sources */,
				28D6FA131DC8CD310064A333 /* LinkedList.m in Sources */,
				28D6F9CA1DC8CC290064A333 /* main.m in Sources */,
				28D6F9D11DC8CC290064A333 /* GameScene.m in Sources */,
				28D6F9D41DC8CC290064A333 /* MazeViewController.m in Sources */,
				28D6FA141DC8CD310064A333 /* LinkedListNode.m in Sources */,
				28D6F9C71DC8CC290064A333 /* AppDelegate.m in Sources */,
				28D6FA171DC922BB0064A333 /* Maze.m in Sources */,
			);
			runOnlyForDeploymentPostprocessing = 0;
		};
		28D6F9DB1DC8CC2A0064A333 /* Sources */ = {
			isa = PBXSourcesBuildPhase;
			buildActionMask = 2147483647;
			files = (
				28D6F9E41DC8CC2A0064A333 /* MazeTests.m in Sources */,
			);
			runOnlyForDeploymentPostprocessing = 0;
		};
		28D6F9E61DC8CC2A0064A333 /* Sources */ = {
			isa = PBXSourcesBuildPhase;
			buildActionMask = 2147483647;
			files = (
			);
			runOnlyForDeploymentPostprocessing = 0;
		};
/* End PBXSourcesBuildPhase section */

/* Begin PBXTargetDependency section */
		28D6F9E11DC8CC2A0064A333 /* PBXTargetDependency */ = {
			isa = PBXTargetDependency;
			target = 28D6F9C11DC8CC290064A333 /* Maze */;
			targetProxy = 28D6F9E01DC8CC2A0064A333 /* PBXContainerItemProxy */;
		};
		28D6F9EC1DC8CC2A0064A333 /* PBXTargetDependency */ = {
			isa = PBXTargetDependency;
			target = 28D6F9C11DC8CC290064A333 /* Maze */;
			targetProxy = 28D6F9EB1DC8CC2A0064A333 /* PBXContainerItemProxy */;
		};
/* End PBXTargetDependency section */

/* Begin PBXVariantGroup section */
		28D6F9D71DC8CC290064A333 /* Main.storyboard */ = {
			isa = PBXVariantGroup;
			children = (
				28D6F9D81DC8CC290064A333 /* Base */,
			);
			name = Main.storyboard;
			sourceTree = "<group>";
		};
/* End PBXVariantGroup section */

/* Begin XCBuildConfiguration section */
		28D6F9F11DC8CC2A0064A333 /* Debug */ = {
			isa = XCBuildConfiguration;
			buildSettings = {
				ALWAYS_SEARCH_USER_PATHS = NO;
				CLANG_ANALYZER_NONNULL = YES;
				CLANG_CXX_LANGUAGE_STANDARD = "gnu++0x";
				CLANG_CXX_LIBRARY = "libc++";
				CLANG_ENABLE_MODULES = YES;
				CLANG_ENABLE_OBJC_ARC = YES;
				CLANG_WARN_BOOL_CONVERSION = YES;
				CLANG_WARN_CONSTANT_CONVERSION = YES;
				CLANG_WARN_DIRECT_OBJC_ISA_USAGE = YES_ERROR;
				CLANG_WARN_DOCUMENTATION_COMMENTS = YES;
				CLANG_WARN_EMPTY_BODY = YES;
				CLANG_WARN_ENUM_CONVERSION = YES;
				CLANG_WARN_INFINITE_RECURSION = YES;
				CLANG_WARN_INT_CONVERSION = YES;
				CLANG_WARN_OBJC_ROOT_CLASS = YES_ERROR;
				CLANG_WARN_SUSPICIOUS_MOVES = YES;
				CLANG_WARN_UNREACHABLE_CODE = YES;
				CLANG_WARN__DUPLICATE_METHOD_MATCH = YES;
				CODE_SIGN_IDENTITY = "-";
				COPY_PHASE_STRIP = NO;
				DEBUG_INFORMATION_FORMAT = dwarf;
				ENABLE_STRICT_OBJC_MSGSEND = YES;
				ENABLE_TESTABILITY = YES;
				GCC_C_LANGUAGE_STANDARD = gnu99;
				GCC_DYNAMIC_NO_PIC = NO;
				GCC_NO_COMMON_BLOCKS = YES;
				GCC_OPTIMIZATION_LEVEL = 0;
				GCC_PREPROCESSOR_DEFINITIONS = (
					"DEBUG=1",
					"$(inherited)",
				);
				GCC_WARN_64_TO_32_BIT_CONVERSION = YES;
				GCC_WARN_ABOUT_RETURN_TYPE = YES_ERROR;
				GCC_WARN_UNDECLARED_SELECTOR = YES;
				GCC_WARN_UNINITIALIZED_AUTOS = YES_AGGRESSIVE;
				GCC_WARN_UNUSED_FUNCTION = YES;
				GCC_WARN_UNUSED_VARIABLE = YES;
				MACOSX_DEPLOYMENT_TARGET = 10.12;
				MTL_ENABLE_DEBUG_INFO = YES;
				ONLY_ACTIVE_ARCH = YES;
				SDKROOT = macosx;
			};
			name = Debug;
		};
		28D6F9F21DC8CC2A0064A333 /* Release */ = {
			isa = XCBuildConfiguration;
			buildSettings = {
				ALWAYS_SEARCH_USER_PATHS = NO;
				CLANG_ANALYZER_NONNULL = YES;
				CLANG_CXX_LANGUAGE_STANDARD = "gnu++0x";
				CLANG_CXX_LIBRARY = "libc++";
				CLANG_ENABLE_MODULES = YES;
				CLANG_ENABLE_OBJC_ARC = YES;
				CLANG_WARN_BOOL_CONVERSION = YES;
				CLANG_WARN_CONSTANT_CONVERSION = YES;
				CLANG_WARN_DIRECT_OBJC_ISA_USAGE = YES_ERROR;
				CLANG_WARN_DOCUMENTATION_COMMENTS = YES;
				CLANG_WARN_EMPTY_BODY = YES;
				CLANG_WARN_ENUM_CONVERSION = YES;
				CLANG_WARN_INFINITE_RECURSION = YES;
				CLANG_WARN_INT_CONVERSION = YES;
				CLANG_WARN_OBJC_ROOT_CLASS = YES_ERROR;
				CLANG_WARN_SUSPICIOUS_MOVES = YES;
				CLANG_WARN_UNREACHABLE_CODE = YES;
				CLANG_WARN__DUPLICATE_METHOD_MATCH = YES;
				CODE_SIGN_IDENTITY = "-";
				COPY_PHASE_STRIP = NO;
				DEBUG_INFORMATION_FORMAT = "dwarf-with-dsym";
				ENABLE_NS_ASSERTIONS = NO;
				ENABLE_STRICT_OBJC_MSGSEND = YES;
				GCC_C_LANGUAGE_STANDARD = gnu99;
				GCC_NO_COMMON_BLOCKS = YES;
				GCC_WARN_64_TO_32_BIT_CONVERSION = YES;
				GCC_WARN_ABOUT_RETURN_TYPE = YES_ERROR;
				GCC_WARN_UNDECLARED_SELECTOR = YES;
				GCC_WARN_UNINITIALIZED_AUTOS = YES_AGGRESSIVE;
				GCC_WARN_UNUSED_FUNCTION = YES;
				GCC_WARN_UNUSED_VARIABLE = YES;
				MACOSX_DEPLOYMENT_TARGET = 10.12;
				MTL_ENABLE_DEBUG_INFO = NO;
				SDKROOT = macosx;
			};
			name = Release;
		};
		28D6F9F41DC8CC2A0064A333 /* Debug */ = {
			isa = XCBuildConfiguration;
			buildSettings = {
				ASSETCATALOG_COMPILER_APPICON_NAME = AppIcon;
				CODE_SIGN_IDENTITY = "Mac Developer";
				COMBINE_HIDPI_IMAGES = YES;
				DEVELOPMENT_TEAM = 8NZ8K5GNH8;
				INFOPLIST_FILE = Maze/Info.plist;
				LD_RUNPATH_SEARCH_PATHS = "$(inherited) @executable_path/../Frameworks";
				PRODUCT_BUNDLE_IDENTIFIER = com.yongyang.Maze;
				PRODUCT_NAME = "$(TARGET_NAME)";
			};
			name = Debug;
		};
		28D6F9F51DC8CC2A0064A333 /* Release */ = {
			isa = XCBuildConfiguration;
			buildSettings = {
				ASSETCATALOG_COMPILER_APPICON_NAME = AppIcon;
				CODE_SIGN_IDENTITY = "Mac Developer";
				COMBINE_HIDPI_IMAGES = YES;
				DEVELOPMENT_TEAM = 8NZ8K5GNH8;
				INFOPLIST_FILE = Maze/Info.plist;
				LD_RUNPATH_SEARCH_PATHS = "$(inherited) @executable_path/../Frameworks";
				PRODUCT_BUNDLE_IDENTIFIER = com.yongyang.Maze;
				PRODUCT_NAME = "$(TARGET_NAME)";
			};
			name = Release;
		};
		28D6F9F71DC8CC2A0064A333 /* Debug */ = {
			isa = XCBuildConfiguration;
			buildSettings = {
				BUNDLE_LOADER = "$(TEST_HOST)";
				COMBINE_HIDPI_IMAGES = YES;
				DEVELOPMENT_TEAM = 8NZ8K5GNH8;
				INFOPLIST_FILE = MazeTests/Info.plist;
				LD_RUNPATH_SEARCH_PATHS = "$(inherited) @executable_path/../Frameworks @loader_path/../Frameworks";
				PRODUCT_BUNDLE_IDENTIFIER = com.yongyang.MazeTests;
				PRODUCT_NAME = "$(TARGET_NAME)";
				TEST_HOST = "$(BUILT_PRODUCTS_DIR)/Maze.app/Contents/MacOS/Maze";
			};
			name = Debug;
		};
		28D6F9F81DC8CC2A0064A333 /* Release */ = {
			isa = XCBuildConfiguration;
			buildSettings = {
				BUNDLE_LOADER = "$(TEST_HOST)";
				COMBINE_HIDPI_IMAGES = YES;
				DEVELOPMENT_TEAM = 8NZ8K5GNH8;
				INFOPLIST_FILE = MazeTests/Info.plist;
				LD_RUNPATH_SEARCH_PATHS = "$(inherited) @executable_path/../Frameworks @loader_path/../Frameworks";
				PRODUCT_BUNDLE_IDENTIFIER = com.yongyang.MazeTests;
				PRODUCT_NAME = "$(TARGET_NAME)";
				TEST_HOST = "$(BUILT_PRODUCTS_DIR)/Maze.app/Contents/MacOS/Maze";
			};
			name = Release;
		};
		28D6F9FA1DC8CC2A0064A333 /* Debug */ = {
			isa = XCBuildConfiguration;
			buildSettings = {
				COMBINE_HIDPI_IMAGES = YES;
				DEVELOPMENT_TEAM = 8NZ8K5GNH8;
				INFOPLIST_FILE = MazeUITests/Info.plist;
				LD_RUNPATH_SEARCH_PATHS = "$(inherited) @executable_path/../Frameworks @loader_path/../Frameworks";
				PRODUCT_BUNDLE_IDENTIFIER = com.yongyang.MazeUITests;
				PRODUCT_NAME = "$(TARGET_NAME)";
				TEST_TARGET_NAME = Maze;
			};
			name = Debug;
		};
		28D6F9FB1DC8CC2A0064A333 /* Release */ = {
			isa = XCBuildConfiguration;
			buildSettings = {
				COMBINE_HIDPI_IMAGES = YES;
				DEVELOPMENT_TEAM = 8NZ8K5GNH8;
				INFOPLIST_FILE = MazeUITests/Info.plist;
				LD_RUNPATH_SEARCH_PATHS = "$(inherited) @executable_path/../Frameworks @loader_path/../Frameworks";
				PRODUCT_BUNDLE_IDENTIFIER = com.yongyang.MazeUITests;
				PRODUCT_NAME = "$(TARGET_NAME)";
				TEST_TARGET_NAME = Maze;
			};
			name = Release;
		};
/* End XCBuildConfiguration section */

/* Begin XCConfigurationList section */
		28D6F9BD1DC8CC290064A333 /* Build configuration list for PBXProject "Maze" */ = {
			isa = XCConfigurationList;
			buildConfigurations = (
				28D6F9F11DC8CC2A0064A333 /* Debug */,
				28D6F9F21DC8CC2A0064A333 /* Release */,
			);
			defaultConfigurationIsVisible = 0;
			defaultConfigurationName = Release;
		};
		28D6F9F31DC8CC2A0064A333 /* Build configuration list for PBXNativeTarget "Maze" */ = {
			isa = XCConfigurationList;
			buildConfigurations = (
				28D6F9F41DC8CC2A0064A333 /* Debug */,
				28D6F9F51DC8CC2A0064A333 /* Release */,
			);
			defaultConfigurationIsVisible = 0;
			defaultConfigurationName = Release;
		};
		28D6F9F61DC8CC2A0064A333 /* Build configuration list for PBXNativeTarget "MazeTests" */ = {
			isa = XCConfigurationList;
			buildConfigurations = (
				28D6F9F71DC8CC2A0064A333 /* Debug */,
				28D6F9F81DC8CC2A0064A333 /* Release */,
			);
			defaultConfigurationIsVisible = 0;
			defaultConfigurationName = Release;
		};
		28D6F9F91DC8CC2A0064A333 /* Build configuration list for PBXNativeTarget "MazeUITests" */ = {
			isa = XCConfigurationList;
			buildConfigurations = (
				28D6F9FA1DC8CC2A0064A333 /* Debug */,
				28D6F9FB1DC8CC2A0064A333 /* Release */,
			);
			defaultConfigurationIsVisible = 0;
			defaultConfigurationName = Release;
		};
/* End XCConfigurationList section */
	};
	rootObject = 28D6F9BA1DC8CC290064A333 /* Project object */;
}
