// !$*UTF8*$!
{
	archiveVersion = 1;
	classes = {
	};
	objectVersion = 46;
	objects = {

/* Begin PBXBuildFile section */
		286879061DF8D432001939E9 /* learning.txt in Resources */ = {isa = PBXBuildFile; fileRef = 286879051DF8D432001939E9 /* learning.txt */; };
		28A3CF621DF7C7D400D236B0 /* AppDelegate.m in Sources */ = {isa = PBXBuildFile; fileRef = 28A3CF611DF7C7D400D236B0 /* AppDelegate.m */; };
		28A3CF651DF7C7D400D236B0 /* main.m in Sources */ = {isa = PBXBuildFile; fileRef = 28A3CF641DF7C7D400D236B0 /* main.m */; };
		28A3CF681DF7C7D400D236B0 /* AnimalViewController.m in Sources */ = {isa = PBXBuildFile; fileRef = 28A3CF671DF7C7D400D236B0 /* AnimalViewController.m */; };
		28A3CF6B1DF7C7D400D236B0 /* Document.m in Sources */ = {isa = PBXBuildFile; fileRef = 28A3CF6A1DF7C7D400D236B0 /* Document.m */; };
		28A3CF6D1DF7C7D400D236B0 /* Assets.xcassets in Resources */ = {isa = PBXBuildFile; fileRef = 28A3CF6C1DF7C7D400D236B0 /* Assets.xcassets */; };
		28A3CF701DF7C7D400D236B0 /* Main.storyboard in Resources */ = {isa = PBXBuildFile; fileRef = 28A3CF6E1DF7C7D400D236B0 /* Main.storyboard */; };
		28A3CF7B1DF7C7D400D236B0 /* AnimalTests.m in Sources */ = {isa = PBXBuildFile; fileRef = 28A3CF7A1DF7C7D400D236B0 /* AnimalTests.m */; };
		28A3CF861DF7C7D400D236B0 /* AnimalUITests.m in Sources */ = {isa = PBXBuildFile; fileRef = 28A3CF851DF7C7D400D236B0 /* AnimalUITests.m */; };
		28DFAF7A1DF84DDC001EB090 /* BST.m in Sources */ = {isa = PBXBuildFile; fileRef = 28DFAF771DF84DDC001EB090 /* BST.m */; };
		28DFAF7B1DF84DDC001EB090 /* TreeNode.m in Sources */ = {isa = PBXBuildFile; fileRef = 28DFAF791DF84DDC001EB090 /* TreeNode.m */; };
/* End PBXBuildFile section */

/* Begin PBXContainerItemProxy section */
		28A3CF771DF7C7D400D236B0 /* PBXContainerItemProxy */ = {
			isa = PBXContainerItemProxy;
			containerPortal = 28A3CF551DF7C7D400D236B0 /* Project object */;
			proxyType = 1;
			remoteGlobalIDString = 28A3CF5C1DF7C7D400D236B0;
			remoteInfo = Animal;
		};
		28A3CF821DF7C7D400D236B0 /* PBXContainerItemProxy */ = {
			isa = PBXContainerItemProxy;
			containerPortal = 28A3CF551DF7C7D400D236B0 /* Project object */;
			proxyType = 1;
			remoteGlobalIDString = 28A3CF5C1DF7C7D400D236B0;
			remoteInfo = Animal;
		};
/* End PBXContainerItemProxy section */

/* Begin PBXFileReference section */
		286879051DF8D432001939E9 /* learning.txt */ = {isa = PBXFileReference; fileEncoding = 4; lastKnownFileType = text; path = learning.txt; sourceTree = "<group>"; };
		28A3CF5D1DF7C7D400D236B0 /* Animal.app */ = {isa = PBXFileReference; explicitFileType = wrapper.application; includeInIndex = 0; path = Animal.app; sourceTree = BUILT_PRODUCTS_DIR; };
		28A3CF601DF7C7D400D236B0 /* AppDelegate.h */ = {isa = PBXFileReference; lastKnownFileType = sourcecode.c.h; path = AppDelegate.h; sourceTree = "<group>"; };
		28A3CF611DF7C7D400D236B0 /* AppDelegate.m */ = {isa = PBXFileReference; lastKnownFileType = sourcecode.c.objc; path = AppDelegate.m; sourceTree = "<group>"; };
		28A3CF641DF7C7D400D236B0 /* main.m */ = {isa = PBXFileReference; lastKnownFileType = sourcecode.c.objc; path = main.m; sourceTree = "<group>"; };
		28A3CF661DF7C7D400D236B0 /* AnimalViewController.h */ = {isa = PBXFileReference; lastKnownFileType = sourcecode.c.h; path = AnimalViewController.h; sourceTree = "<group>"; };
		28A3CF671DF7C7D400D236B0 /* AnimalViewController.m */ = {isa = PBXFileReference; lastKnownFileType = sourcecode.c.objc; path = AnimalViewController.m; sourceTree = "<group>"; };
		28A3CF691DF7C7D400D236B0 /* Document.h */ = {isa = PBXFileReference; lastKnownFileType = sourcecode.c.h; path = Document.h; sourceTree = "<group>"; };
		28A3CF6A1DF7C7D400D236B0 /* Document.m */ = {isa = PBXFileReference; lastKnownFileType = sourcecode.c.objc; path = Document.m; sourceTree = "<group>"; };
		28A3CF6C1DF7C7D400D236B0 /* Assets.xcassets */ = {isa = PBXFileReference; lastKnownFileType = folder.assetcatalog; path = Assets.xcassets; sourceTree = "<group>"; };
		28A3CF6F1DF7C7D400D236B0 /* Base */ = {isa = PBXFileReference; lastKnownFileType = file.storyboard; name = Base; path = Base.lproj/Main.storyboard; sourceTree = "<group>"; };
		28A3CF711DF7C7D400D236B0 /* Info.plist */ = {isa = PBXFileReference; lastKnownFileType = text.plist.xml; path = Info.plist; sourceTree = "<group>"; };
		28A3CF761DF7C7D400D236B0 /* AnimalTests.xctest */ = {isa = PBXFileReference; explicitFileType = wrapper.cfbundle; includeInIndex = 0; path = AnimalTests.xctest; sourceTree = BUILT_PRODUCTS_DIR; };
		28A3CF7A1DF7C7D400D236B0 /* AnimalTests.m */ = {isa = PBXFileReference; lastKnownFileType = sourcecode.c.objc; path = AnimalTests.m; sourceTree = "<group>"; };
		28A3CF7C1DF7C7D400D236B0 /* Info.plist */ = {isa = PBXFileReference; lastKnownFileType = text.plist.xml; path = Info.plist; sourceTree = "<group>"; };
		28A3CF811DF7C7D400D236B0 /* AnimalUITests.xctest */ = {isa = PBXFileReference; explicitFileType = wrapper.cfbundle; includeInIndex = 0; path = AnimalUITests.xctest; sourceTree = BUILT_PRODUCTS_DIR; };
		28A3CF851DF7C7D400D236B0 /* AnimalUITests.m */ = {isa = PBXFileReference; lastKnownFileType = sourcecode.c.objc; path = AnimalUITests.m; sourceTree = "<group>"; };
		28A3CF871DF7C7D400D236B0 /* Info.plist */ = {isa = PBXFileReference; lastKnownFileType = text.plist.xml; path = Info.plist; sourceTree = "<group>"; };
		28DFAF761DF84DDC001EB090 /* BST.h */ = {isa = PBXFileReference; fileEncoding = 4; lastKnownFileType = sourcecode.c.h; path = BST.h; sourceTree = "<group>"; };
		28DFAF771DF84DDC001EB090 /* BST.m */ = {isa = PBXFileReference; fileEncoding = 4; lastKnownFileType = sourcecode.c.objc; path = BST.m; sourceTree = "<group>"; };
		28DFAF781DF84DDC001EB090 /* TreeNode.h */ = {isa = PBXFileReference; fileEncoding = 4; lastKnownFileType = sourcecode.c.h; path = TreeNode.h; sourceTree = "<group>"; };
		28DFAF791DF84DDC001EB090 /* TreeNode.m */ = {isa = PBXFileReference; fileEncoding = 4; lastKnownFileType = sourcecode.c.objc; path = TreeNode.m; sourceTree = "<group>"; };
/* End PBXFileReference section */

/* Begin PBXFrameworksBuildPhase section */
		28A3CF5A1DF7C7D400D236B0 /* Frameworks */ = {
			isa = PBXFrameworksBuildPhase;
			buildActionMask = 2147483647;
			files = (
			);
			runOnlyForDeploymentPostprocessing = 0;
		};
		28A3CF731DF7C7D400D236B0 /* Frameworks */ = {
			isa = PBXFrameworksBuildPhase;
			buildActionMask = 2147483647;
			files = (
			);
			runOnlyForDeploymentPostprocessing = 0;
		};
		28A3CF7E1DF7C7D400D236B0 /* Frameworks */ = {
			isa = PBXFrameworksBuildPhase;
			buildActionMask = 2147483647;
			files = (
			);
			runOnlyForDeploymentPostprocessing = 0;
		};
/* End PBXFrameworksBuildPhase section */

/* Begin PBXGroup section */
		28A3CF541DF7C7D400D236B0 = {
			isa = PBXGroup;
			children = (
				28A3CF5F1DF7C7D400D236B0 /* Animal */,
				28A3CF791DF7C7D400D236B0 /* AnimalTests */,
				28A3CF841DF7C7D400D236B0 /* AnimalUITests */,
				28A3CF5E1DF7C7D400D236B0 /* Products */,
			);
			sourceTree = "<group>";
		};
		28A3CF5E1DF7C7D400D236B0 /* Products */ = {
			isa = PBXGroup;
			children = (
				28A3CF5D1DF7C7D400D236B0 /* Animal.app */,
				28A3CF761DF7C7D400D236B0 /* AnimalTests.xctest */,
				28A3CF811DF7C7D400D236B0 /* AnimalUITests.xctest */,
			);
			name = Products;
			sourceTree = "<group>";
		};
		28A3CF5F1DF7C7D400D236B0 /* Animal */ = {
			isa = PBXGroup;
			children = (
				286879051DF8D432001939E9 /* learning.txt */,
				28A3CF601DF7C7D400D236B0 /* AppDelegate.h */,
				28A3CF611DF7C7D400D236B0 /* AppDelegate.m */,
				28A3CF661DF7C7D400D236B0 /* AnimalViewController.h */,
				28A3CF671DF7C7D400D236B0 /* AnimalViewController.m */,
				28A3CF691DF7C7D400D236B0 /* Document.h */,
				28A3CF6A1DF7C7D400D236B0 /* Document.m */,
				28DFAF761DF84DDC001EB090 /* BST.h */,
				28DFAF771DF84DDC001EB090 /* BST.m */,
				28DFAF781DF84DDC001EB090 /* TreeNode.h */,
				28DFAF791DF84DDC001EB090 /* TreeNode.m */,
				28A3CF6C1DF7C7D400D236B0 /* Assets.xcassets */,
				28A3CF6E1DF7C7D400D236B0 /* Main.storyboard */,
				28A3CF711DF7C7D400D236B0 /* Info.plist */,
				28A3CF631DF7C7D400D236B0 /* Supporting Files */,
			);
			path = Animal;
			sourceTree = "<group>";
		};
		28A3CF631DF7C7D400D236B0 /* Supporting Files */ = {
			isa = PBXGroup;
			children = (
				28A3CF641DF7C7D400D236B0 /* main.m */,
			);
			name = "Supporting Files";
			sourceTree = "<group>";
		};
		28A3CF791DF7C7D400D236B0 /* AnimalTests */ = {
			isa = PBXGroup;
			children = (
				28A3CF7A1DF7C7D400D236B0 /* AnimalTests.m */,
				28A3CF7C1DF7C7D400D236B0 /* Info.plist */,
			);
			path = AnimalTests;
			sourceTree = "<group>";
		};
		28A3CF841DF7C7D400D236B0 /* AnimalUITests */ = {
			isa = PBXGroup;
			children = (
				28A3CF851DF7C7D400D236B0 /* AnimalUITests.m */,
				28A3CF871DF7C7D400D236B0 /* Info.plist */,
			);
			path = AnimalUITests;
			sourceTree = "<group>";
		};
/* End PBXGroup section */

/* Begin PBXNativeTarget section */
		28A3CF5C1DF7C7D400D236B0 /* Animal */ = {
			isa = PBXNativeTarget;
			buildConfigurationList = 28A3CF8A1DF7C7D400D236B0 /* Build configuration list for PBXNativeTarget "Animal" */;
			buildPhases = (
				28A3CF591DF7C7D400D236B0 /* Sources */,
				28A3CF5A1DF7C7D400D236B0 /* Frameworks */,
				28A3CF5B1DF7C7D400D236B0 /* Resources */,
			);
			buildRules = (
			);
			dependencies = (
			);
			name = Animal;
			productName = Animal;
			productReference = 28A3CF5D1DF7C7D400D236B0 /* Animal.app */;
			productType = "com.apple.product-type.application";
		};
		28A3CF751DF7C7D400D236B0 /* AnimalTests */ = {
			isa = PBXNativeTarget;
			buildConfigurationList = 28A3CF8D1DF7C7D400D236B0 /* Build configuration list for PBXNativeTarget "AnimalTests" */;
			buildPhases = (
				28A3CF721DF7C7D400D236B0 /* Sources */,
				28A3CF731DF7C7D400D236B0 /* Frameworks */,
				28A3CF741DF7C7D400D236B0 /* Resources */,
			);
			buildRules = (
			);
			dependencies = (
				28A3CF781DF7C7D400D236B0 /* PBXTargetDependency */,
			);
			name = AnimalTests;
			productName = AnimalTests;
			productReference = 28A3CF761DF7C7D400D236B0 /* AnimalTests.xctest */;
			productType = "com.apple.product-type.bundle.unit-test";
		};
		28A3CF801DF7C7D400D236B0 /* AnimalUITests */ = {
			isa = PBXNativeTarget;
			buildConfigurationList = 28A3CF901DF7C7D400D236B0 /* Build configuration list for PBXNativeTarget "AnimalUITests" */;
			buildPhases = (
				28A3CF7D1DF7C7D400D236B0 /* Sources */,
				28A3CF7E1DF7C7D400D236B0 /* Frameworks */,
				28A3CF7F1DF7C7D400D236B0 /* Resources */,
			);
			buildRules = (
			);
			dependencies = (
				28A3CF831DF7C7D400D236B0 /* PBXTargetDependency */,
			);
			name = AnimalUITests;
			productName = AnimalUITests;
			productReference = 28A3CF811DF7C7D400D236B0 /* AnimalUITests.xctest */;
			productType = "com.apple.product-type.bundle.ui-testing";
		};
/* End PBXNativeTarget section */

/* Begin PBXProject section */
		28A3CF551DF7C7D400D236B0 /* Project object */ = {
			isa = PBXProject;
			attributes = {
				LastUpgradeCheck = 0820;
				ORGANIZATIONNAME = "Yongyang Nie";
				TargetAttributes = {
					28A3CF5C1DF7C7D400D236B0 = {
						CreatedOnToolsVersion = 8.2;
						DevelopmentTeam = 8NZ8K5GNH8;
						ProvisioningStyle = Automatic;
					};
					28A3CF751DF7C7D400D236B0 = {
						CreatedOnToolsVersion = 8.2;
						DevelopmentTeam = 8NZ8K5GNH8;
						ProvisioningStyle = Automatic;
						TestTargetID = 28A3CF5C1DF7C7D400D236B0;
					};
					28A3CF801DF7C7D400D236B0 = {
						CreatedOnToolsVersion = 8.2;
						DevelopmentTeam = 8NZ8K5GNH8;
						ProvisioningStyle = Automatic;
						TestTargetID = 28A3CF5C1DF7C7D400D236B0;
					};
				};
			};
			buildConfigurationList = 28A3CF581DF7C7D400D236B0 /* Build configuration list for PBXProject "Animal" */;
			compatibilityVersion = "Xcode 3.2";
			developmentRegion = English;
			hasScannedForEncodings = 0;
			knownRegions = (
				en,
				Base,
			);
			mainGroup = 28A3CF541DF7C7D400D236B0;
			productRefGroup = 28A3CF5E1DF7C7D400D236B0 /* Products */;
			projectDirPath = "";
			projectRoot = "";
			targets = (
				28A3CF5C1DF7C7D400D236B0 /* Animal */,
				28A3CF751DF7C7D400D236B0 /* AnimalTests */,
				28A3CF801DF7C7D400D236B0 /* AnimalUITests */,
			);
		};
/* End PBXProject section */

/* Begin PBXResourcesBuildPhase section */
		28A3CF5B1DF7C7D400D236B0 /* Resources */ = {
			isa = PBXResourcesBuildPhase;
			buildActionMask = 2147483647;
			files = (
				28A3CF6D1DF7C7D400D236B0 /* Assets.xcassets in Resources */,
				286879061DF8D432001939E9 /* learning.txt in Resources */,
				28A3CF701DF7C7D400D236B0 /* Main.storyboard in Resources */,
			);
			runOnlyForDeploymentPostprocessing = 0;
		};
		28A3CF741DF7C7D400D236B0 /* Resources */ = {
			isa = PBXResourcesBuildPhase;
			buildActionMask = 2147483647;
			files = (
			);
			runOnlyForDeploymentPostprocessing = 0;
		};
		28A3CF7F1DF7C7D400D236B0 /* Resources */ = {
			isa = PBXResourcesBuildPhase;
			buildActionMask = 2147483647;
			files = (
			);
			runOnlyForDeploymentPostprocessing = 0;
		};
/* End PBXResourcesBuildPhase section */

/* Begin PBXSourcesBuildPhase section */
		28A3CF591DF7C7D400D236B0 /* Sources */ = {
			isa = PBXSourcesBuildPhase;
			buildActionMask = 2147483647;
			files = (
				28A3CF6B1DF7C7D400D236B0 /* Document.m in Sources */,
				28DFAF7A1DF84DDC001EB090 /* BST.m in Sources */,
				28A3CF681DF7C7D400D236B0 /* AnimalViewController.m in Sources */,
				28A3CF651DF7C7D400D236B0 /* main.m in Sources */,
				28A3CF621DF7C7D400D236B0 /* AppDelegate.m in Sources */,
				28DFAF7B1DF84DDC001EB090 /* TreeNode.m in Sources */,
			);
			runOnlyForDeploymentPostprocessing = 0;
		};
		28A3CF721DF7C7D400D236B0 /* Sources */ = {
			isa = PBXSourcesBuildPhase;
			buildActionMask = 2147483647;
			files = (
				28A3CF7B1DF7C7D400D236B0 /* AnimalTests.m in Sources */,
			);
			runOnlyForDeploymentPostprocessing = 0;
		};
		28A3CF7D1DF7C7D400D236B0 /* Sources */ = {
			isa = PBXSourcesBuildPhase;
			buildActionMask = 2147483647;
			files = (
				28A3CF861DF7C7D400D236B0 /* AnimalUITests.m in Sources */,
			);
			runOnlyForDeploymentPostprocessing = 0;
		};
/* End PBXSourcesBuildPhase section */

/* Begin PBXTargetDependency section */
		28A3CF781DF7C7D400D236B0 /* PBXTargetDependency */ = {
			isa = PBXTargetDependency;
			target = 28A3CF5C1DF7C7D400D236B0 /* Animal */;
			targetProxy = 28A3CF771DF7C7D400D236B0 /* PBXContainerItemProxy */;
		};
		28A3CF831DF7C7D400D236B0 /* PBXTargetDependency */ = {
			isa = PBXTargetDependency;
			target = 28A3CF5C1DF7C7D400D236B0 /* Animal */;
			targetProxy = 28A3CF821DF7C7D400D236B0 /* PBXContainerItemProxy */;
		};
/* End PBXTargetDependency section */

/* Begin PBXVariantGroup section */
		28A3CF6E1DF7C7D400D236B0 /* Main.storyboard */ = {
			isa = PBXVariantGroup;
			children = (
				28A3CF6F1DF7C7D400D236B0 /* Base */,
			);
			name = Main.storyboard;
			sourceTree = "<group>";
		};
/* End PBXVariantGroup section */

/* Begin XCBuildConfiguration section */
		28A3CF881DF7C7D400D236B0 /* Debug */ = {
			isa = XCBuildConfiguration;
			buildSettings = {
				ALWAYS_SEARCH_USER_PATHS = NO;
				CLANG_ANALYZER_NONNULL = YES;
				CLANG_CXX_LANGUAGE_STANDARD = "gnu++0x";
				CLANG_CXX_LIBRARY = "libc++";
				CLANG_ENABLE_MODULES = YES;
				CLANG_ENABLE_OBJC_ARC = YES;
				CLANG_WARN_BOOL_CONVERSION = YES;
				CLANG_WARN_CONSTANT_CONVERSION = YES;
				CLANG_WARN_DIRECT_OBJC_ISA_USAGE = YES_ERROR;
				CLANG_WARN_DOCUMENTATION_COMMENTS = YES;
				CLANG_WARN_EMPTY_BODY = YES;
				CLANG_WARN_ENUM_CONVERSION = YES;
				CLANG_WARN_INFINITE_RECURSION = YES;
				CLANG_WARN_INT_CONVERSION = YES;
				CLANG_WARN_OBJC_ROOT_CLASS = YES_ERROR;
				CLANG_WARN_SUSPICIOUS_MOVE = YES;
				CLANG_WARN_UNREACHABLE_CODE = YES;
				CLANG_WARN__DUPLICATE_METHOD_MATCH = YES;
				CODE_SIGN_IDENTITY = "-";
				COPY_PHASE_STRIP = NO;
				DEBUG_INFORMATION_FORMAT = dwarf;
				ENABLE_STRICT_OBJC_MSGSEND = YES;
				ENABLE_TESTABILITY = YES;
				GCC_C_LANGUAGE_STANDARD = gnu99;
				GCC_DYNAMIC_NO_PIC = NO;
				GCC_NO_COMMON_BLOCKS = YES;
				GCC_OPTIMIZATION_LEVEL = 0;
				GCC_PREPROCESSOR_DEFINITIONS = (
					"DEBUG=1",
					"$(inherited)",
				);
				GCC_WARN_64_TO_32_BIT_CONVERSION = YES;
				GCC_WARN_ABOUT_RETURN_TYPE = YES_ERROR;
				GCC_WARN_UNDECLARED_SELECTOR = YES;
				GCC_WARN_UNINITIALIZED_AUTOS = YES_AGGRESSIVE;
				GCC_WARN_UNUSED_FUNCTION = YES;
				GCC_WARN_UNUSED_VARIABLE = YES;
				MACOSX_DEPLOYMENT_TARGET = 10.12;
				MTL_ENABLE_DEBUG_INFO = YES;
				ONLY_ACTIVE_ARCH = YES;
				SDKROOT = macosx;
			};
			name = Debug;
		};
		28A3CF891DF7C7D400D236B0 /* Release */ = {
			isa = XCBuildConfiguration;
			buildSettings = {
				ALWAYS_SEARCH_USER_PATHS = NO;
				CLANG_ANALYZER_NONNULL = YES;
				CLANG_CXX_LANGUAGE_STANDARD = "gnu++0x";
				CLANG_CXX_LIBRARY = "libc++";
				CLANG_ENABLE_MODULES = YES;
				CLANG_ENABLE_OBJC_ARC = YES;
				CLANG_WARN_BOOL_CONVERSION = YES;
				CLANG_WARN_CONSTANT_CONVERSION = YES;
				CLANG_WARN_DIRECT_OBJC_ISA_USAGE = YES_ERROR;
				CLANG_WARN_DOCUMENTATION_COMMENTS = YES;
				CLANG_WARN_EMPTY_BODY = YES;
				CLANG_WARN_ENUM_CONVERSION = YES;
				CLANG_WARN_INFINITE_RECURSION = YES;
				CLANG_WARN_INT_CONVERSION = YES;
				CLANG_WARN_OBJC_ROOT_CLASS = YES_ERROR;
				CLANG_WARN_SUSPICIOUS_MOVE = YES;
				CLANG_WARN_UNREACHABLE_CODE = YES;
				CLANG_WARN__DUPLICATE_METHOD_MATCH = YES;
				CODE_SIGN_IDENTITY = "-";
				COPY_PHASE_STRIP = NO;
				DEBUG_INFORMATION_FORMAT = "dwarf-with-dsym";
				ENABLE_NS_ASSERTIONS = NO;
				ENABLE_STRICT_OBJC_MSGSEND = YES;
				GCC_C_LANGUAGE_STANDARD = gnu99;
				GCC_NO_COMMON_BLOCKS = YES;
				GCC_WARN_64_TO_32_BIT_CONVERSION = YES;
				GCC_WARN_ABOUT_RETURN_TYPE = YES_ERROR;
				GCC_WARN_UNDECLARED_SELECTOR = YES;
				GCC_WARN_UNINITIALIZED_AUTOS = YES_AGGRESSIVE;
				GCC_WARN_UNUSED_FUNCTION = YES;
				GCC_WARN_UNUSED_VARIABLE = YES;
				MACOSX_DEPLOYMENT_TARGET = 10.12;
				MTL_ENABLE_DEBUG_INFO = NO;
				SDKROOT = macosx;
			};
			name = Release;
		};
		28A3CF8B1DF7C7D400D236B0 /* Debug */ = {
			isa = XCBuildConfiguration;
			buildSettings = {
				ASSETCATALOG_COMPILER_APPICON_NAME = AppIcon;
				COMBINE_HIDPI_IMAGES = YES;
				DEVELOPMENT_TEAM = 8NZ8K5GNH8;
				INFOPLIST_FILE = Animal/Info.plist;
				LD_RUNPATH_SEARCH_PATHS = "$(inherited) @executable_path/../Frameworks";
				PRODUCT_BUNDLE_IDENTIFIER = com.yongyang.Animal;
				PRODUCT_NAME = "$(TARGET_NAME)";
			};
			name = Debug;
		};
		28A3CF8C1DF7C7D400D236B0 /* Release */ = {
			isa = XCBuildConfiguration;
			buildSettings = {
				ASSETCATALOG_COMPILER_APPICON_NAME = AppIcon;
				COMBINE_HIDPI_IMAGES = YES;
				DEVELOPMENT_TEAM = 8NZ8K5GNH8;
				INFOPLIST_FILE = Animal/Info.plist;
				LD_RUNPATH_SEARCH_PATHS = "$(inherited) @executable_path/../Frameworks";
				PRODUCT_BUNDLE_IDENTIFIER = com.yongyang.Animal;
				PRODUCT_NAME = "$(TARGET_NAME)";
			};
			name = Release;
		};
		28A3CF8E1DF7C7D400D236B0 /* Debug */ = {
			isa = XCBuildConfiguration;
			buildSettings = {
				BUNDLE_LOADER = "$(TEST_HOST)";
				COMBINE_HIDPI_IMAGES = YES;
				DEVELOPMENT_TEAM = 8NZ8K5GNH8;
				INFOPLIST_FILE = AnimalTests/Info.plist;
				LD_RUNPATH_SEARCH_PATHS = "$(inherited) @executable_path/../Frameworks @loader_path/../Frameworks";
				PRODUCT_BUNDLE_IDENTIFIER = com.yongyang.AnimalTests;
				PRODUCT_NAME = "$(TARGET_NAME)";
				TEST_HOST = "$(BUILT_PRODUCTS_DIR)/Animal.app/Contents/MacOS/Animal";
			};
			name = Debug;
		};
		28A3CF8F1DF7C7D400D236B0 /* Release */ = {
			isa = XCBuildConfiguration;
			buildSettings = {
				BUNDLE_LOADER = "$(TEST_HOST)";
				COMBINE_HIDPI_IMAGES = YES;
				DEVELOPMENT_TEAM = 8NZ8K5GNH8;
				INFOPLIST_FILE = AnimalTests/Info.plist;
				LD_RUNPATH_SEARCH_PATHS = "$(inherited) @executable_path/../Frameworks @loader_path/../Frameworks";
				PRODUCT_BUNDLE_IDENTIFIER = com.yongyang.AnimalTests;
				PRODUCT_NAME = "$(TARGET_NAME)";
				TEST_HOST = "$(BUILT_PRODUCTS_DIR)/Animal.app/Contents/MacOS/Animal";
			};
			name = Release;
		};
		28A3CF911DF7C7D400D236B0 /* Debug */ = {
			isa = XCBuildConfiguration;
			buildSettings = {
				COMBINE_HIDPI_IMAGES = YES;
				DEVELOPMENT_TEAM = 8NZ8K5GNH8;
				INFOPLIST_FILE = AnimalUITests/Info.plist;
				LD_RUNPATH_SEARCH_PATHS = "$(inherited) @executable_path/../Frameworks @loader_path/../Frameworks";
				PRODUCT_BUNDLE_IDENTIFIER = com.yongyang.AnimalUITests;
				PRODUCT_NAME = "$(TARGET_NAME)";
				TEST_TARGET_NAME = Animal;
			};
			name = Debug;
		};
		28A3CF921DF7C7D400D236B0 /* Release */ = {
			isa = XCBuildConfiguration;
			buildSettings = {
				COMBINE_HIDPI_IMAGES = YES;
				DEVELOPMENT_TEAM = 8NZ8K5GNH8;
				INFOPLIST_FILE = AnimalUITests/Info.plist;
				LD_RUNPATH_SEARCH_PATHS = "$(inherited) @executable_path/../Frameworks @loader_path/../Frameworks";
				PRODUCT_BUNDLE_IDENTIFIER = com.yongyang.AnimalUITests;
				PRODUCT_NAME = "$(TARGET_NAME)";
				TEST_TARGET_NAME = Animal;
			};
			name = Release;
		};
/* End XCBuildConfiguration section */

/* Begin XCConfigurationList section */
		28A3CF581DF7C7D400D236B0 /* Build configuration list for PBXProject "Animal" */ = {
			isa = XCConfigurationList;
			buildConfigurations = (
				28A3CF881DF7C7D400D236B0 /* Debug */,
				28A3CF891DF7C7D400D236B0 /* Release */,
			);
			defaultConfigurationIsVisible = 0;
			defaultConfigurationName = Release;
		};
		28A3CF8A1DF7C7D400D236B0 /* Build configuration list for PBXNativeTarget "Animal" */ = {
			isa = XCConfigurationList;
			buildConfigurations = (
				28A3CF8B1DF7C7D400D236B0 /* Debug */,
				28A3CF8C1DF7C7D400D236B0 /* Release */,
			);
			defaultConfigurationIsVisible = 0;
			defaultConfigurationName = Release;
		};
		28A3CF8D1DF7C7D400D236B0 /* Build configuration list for PBXNativeTarget "AnimalTests" */ = {
			isa = XCConfigurationList;
			buildConfigurations = (
				28A3CF8E1DF7C7D400D236B0 /* Debug */,
				28A3CF8F1DF7C7D400D236B0 /* Release */,
			);
			defaultConfigurationIsVisible = 0;
			defaultConfigurationName = Release;
		};
		28A3CF901DF7C7D400D236B0 /* Build configuration list for PBXNativeTarget "AnimalUITests" */ = {
			isa = XCConfigurationList;
			buildConfigurations = (
				28A3CF911DF7C7D400D236B0 /* Debug */,
				28A3CF921DF7C7D400D236B0 /* Release */,
			);
			defaultConfigurationIsVisible = 0;
			defaultConfigurationName = Release;
		};
/* End XCConfigurationList section */
	};
	rootObject = 28A3CF551DF7C7D400D236B0 /* Project object */;
}
