// !$*UTF8*$!
{
	archiveVersion = 1;
	classes = {
	};
	objectVersion = 46;
	objects = {

/* Begin PBXBuildFile section */
		2882AC371E2D8FE1009ED5C4 /* AppDelegate.m in Sources */ = {isa = PBXBuildFile; fileRef = 2882AC361E2D8FE1009ED5C4 /* AppDelegate.m */; };
		2882AC3A1E2D8FE1009ED5C4 /* main.m in Sources */ = {isa = PBXBuildFile; fileRef = 2882AC391E2D8FE1009ED5C4 /* main.m */; };
		2882AC3D1E2D8FE1009ED5C4 /* ViewController.m in Sources */ = {isa = PBXBuildFile; fileRef = 2882AC3C1E2D8FE1009ED5C4 /* ViewController.m */; };
		2882AC3F1E2D8FE1009ED5C4 /* Assets.xcassets in Resources */ = {isa = PBXBuildFile; fileRef = 2882AC3E1E2D8FE1009ED5C4 /* Assets.xcassets */; };
		2882AC421E2D8FE1009ED5C4 /* Main.storyboard in Resources */ = {isa = PBXBuildFile; fileRef = 2882AC401E2D8FE1009ED5C4 /* Main.storyboard */; };
		2882AC671E2D8FF1009ED5C4 /* program.cpp in Sources */ = {isa = PBXBuildFile; fileRef = 2882AC651E2D8FF1009ED5C4 /* program.cpp */; };
		28F9F5D51E2DAFC30005D0F6 /* Graph.m in Sources */ = {isa = PBXBuildFile; fileRef = 28F9F5D41E2DAFC30005D0F6 /* Graph.m */; };
		28F9F5D81E2DAFCC0005D0F6 /* Vertex.m in Sources */ = {isa = PBXBuildFile; fileRef = 28F9F5D71E2DAFCC0005D0F6 /* Vertex.m */; };
		28F9F5DF1E2DB0DC0005D0F6 /* Queue.m in Sources */ = {isa = PBXBuildFile; fileRef = 28F9F5DE1E2DB0DC0005D0F6 /* Queue.m */; };
		28F9F5E21E2DB1080005D0F6 /* Heap.m in Sources */ = {isa = PBXBuildFile; fileRef = 28F9F5E11E2DB1080005D0F6 /* Heap.m */; };
		28F9F5E51E2DB11C0005D0F6 /* PQ.m in Sources */ = {isa = PBXBuildFile; fileRef = 28F9F5E41E2DB11C0005D0F6 /* PQ.m */; };
		28F9F5E81E2DB71D0005D0F6 /* Heap.swift in Sources */ = {isa = PBXBuildFile; fileRef = 28F9F5E71E2DB71D0005D0F6 /* Heap.swift */; };
/* End PBXBuildFile section */

/* Begin PBXContainerItemProxy section */
		2882AC491E2D8FE1009ED5C4 /* PBXContainerItemProxy */ = {
			isa = PBXContainerItemProxy;
			containerPortal = 2882AC2A1E2D8FE1009ED5C4 /* Project object */;
			proxyType = 1;
			remoteGlobalIDString = 2882AC311E2D8FE1009ED5C4;
			remoteInfo = "Map Routing - Dijikstra";
		};
		2882AC541E2D8FE1009ED5C4 /* PBXContainerItemProxy */ = {
			isa = PBXContainerItemProxy;
			containerPortal = 2882AC2A1E2D8FE1009ED5C4 /* Project object */;
			proxyType = 1;
			remoteGlobalIDString = 2882AC311E2D8FE1009ED5C4;
			remoteInfo = "Map Routing - Dijikstra";
		};
/* End PBXContainerItemProxy section */

/* Begin PBXFileReference section */
		2882AC321E2D8FE1009ED5C4 /* Map Routing - Dijkstra.app */ = {isa = PBXFileReference; explicitFileType = wrapper.application; includeInIndex = 0; path = "Map Routing - Dijkstra.app"; sourceTree = BUILT_PRODUCTS_DIR; };
		2882AC351E2D8FE1009ED5C4 /* AppDelegate.h */ = {isa = PBXFileReference; lastKnownFileType = sourcecode.c.h; path = AppDelegate.h; sourceTree = "<group>"; };
		2882AC361E2D8FE1009ED5C4 /* AppDelegate.m */ = {isa = PBXFileReference; lastKnownFileType = sourcecode.c.objc; path = AppDelegate.m; sourceTree = "<group>"; };
		2882AC391E2D8FE1009ED5C4 /* main.m */ = {isa = PBXFileReference; lastKnownFileType = sourcecode.c.objc; path = main.m; sourceTree = "<group>"; };
		2882AC3B1E2D8FE1009ED5C4 /* ViewController.h */ = {isa = PBXFileReference; lastKnownFileType = sourcecode.c.h; path = ViewController.h; sourceTree = "<group>"; };
		2882AC3C1E2D8FE1009ED5C4 /* ViewController.m */ = {isa = PBXFileReference; lastKnownFileType = sourcecode.c.objc; path = ViewController.m; sourceTree = "<group>"; };
		2882AC3E1E2D8FE1009ED5C4 /* Assets.xcassets */ = {isa = PBXFileReference; lastKnownFileType = folder.assetcatalog; path = Assets.xcassets; sourceTree = "<group>"; };
		2882AC411E2D8FE1009ED5C4 /* Base */ = {isa = PBXFileReference; lastKnownFileType = file.storyboard; name = Base; path = Base.lproj/Main.storyboard; sourceTree = "<group>"; };
		2882AC431E2D8FE1009ED5C4 /* Info.plist */ = {isa = PBXFileReference; lastKnownFileType = text.plist.xml; path = Info.plist; sourceTree = "<group>"; };
		2882AC481E2D8FE1009ED5C4 /* Map Routing - DijkstraTests.xctest */ = {isa = PBXFileReference; explicitFileType = wrapper.cfbundle; includeInIndex = 0; path = "Map Routing - DijkstraTests.xctest"; sourceTree = BUILT_PRODUCTS_DIR; };
		2882AC531E2D8FE1009ED5C4 /* Map Routing - DijkstraUITests.xctest */ = {isa = PBXFileReference; explicitFileType = wrapper.cfbundle; includeInIndex = 0; path = "Map Routing - DijkstraUITests.xctest"; sourceTree = BUILT_PRODUCTS_DIR; };
		2882AC651E2D8FF1009ED5C4 /* program.cpp */ = {isa = PBXFileReference; fileEncoding = 4; lastKnownFileType = sourcecode.cpp.cpp; path = program.cpp; sourceTree = "<group>"; };
		2882AC661E2D8FF1009ED5C4 /* program.hpp */ = {isa = PBXFileReference; fileEncoding = 4; lastKnownFileType = sourcecode.cpp.h; path = program.hpp; sourceTree = "<group>"; };
		28F9F5D31E2DAFC30005D0F6 /* Graph.h */ = {isa = PBXFileReference; fileEncoding = 4; lastKnownFileType = sourcecode.c.h; path = Graph.h; sourceTree = "<group>"; };
		28F9F5D41E2DAFC30005D0F6 /* Graph.m */ = {isa = PBXFileReference; fileEncoding = 4; lastKnownFileType = sourcecode.c.objc; path = Graph.m; sourceTree = "<group>"; };
		28F9F5D61E2DAFCC0005D0F6 /* Vertex.h */ = {isa = PBXFileReference; fileEncoding = 4; lastKnownFileType = sourcecode.c.h; path = Vertex.h; sourceTree = "<group>"; };
		28F9F5D71E2DAFCC0005D0F6 /* Vertex.m */ = {isa = PBXFileReference; fileEncoding = 4; lastKnownFileType = sourcecode.c.objc; path = Vertex.m; sourceTree = "<group>"; };
		28F9F5DD1E2DB0DC0005D0F6 /* Queue.h */ = {isa = PBXFileReference; fileEncoding = 4; lastKnownFileType = sourcecode.c.h; path = Queue.h; sourceTree = "<group>"; };
		28F9F5DE1E2DB0DC0005D0F6 /* Queue.m */ = {isa = PBXFileReference; fileEncoding = 4; lastKnownFileType = sourcecode.c.objc; path = Queue.m; sourceTree = "<group>"; };
		28F9F5E01E2DB1080005D0F6 /* Heap.h */ = {isa = PBXFileReference; fileEncoding = 4; lastKnownFileType = sourcecode.c.h; path = Heap.h; sourceTree = "<group>"; };
		28F9F5E11E2DB1080005D0F6 /* Heap.m */ = {isa = PBXFileReference; fileEncoding = 4; lastKnownFileType = sourcecode.c.objc; path = Heap.m; sourceTree = "<group>"; };
		28F9F5E31E2DB11C0005D0F6 /* PQ.h */ = {isa = PBXFileReference; fileEncoding = 4; lastKnownFileType = sourcecode.c.h; path = PQ.h; sourceTree = "<group>"; };
		28F9F5E41E2DB11C0005D0F6 /* PQ.m */ = {isa = PBXFileReference; fileEncoding = 4; lastKnownFileType = sourcecode.c.objc; path = PQ.m; sourceTree = "<group>"; };
		28F9F5E61E2DB71D0005D0F6 /* Map Routing - Dijkstra-Bridging-Header.h */ = {isa = PBXFileReference; lastKnownFileType = sourcecode.c.h; path = "Map Routing - Dijkstra-Bridging-Header.h"; sourceTree = "<group>"; };
		28F9F5E71E2DB71D0005D0F6 /* Heap.swift */ = {isa = PBXFileReference; fileEncoding = 4; lastKnownFileType = sourcecode.swift; path = Heap.swift; sourceTree = "<group>"; };
/* End PBXFileReference section */

/* Begin PBXFrameworksBuildPhase section */
		2882AC2F1E2D8FE1009ED5C4 /* Frameworks */ = {
			isa = PBXFrameworksBuildPhase;
			buildActionMask = 2147483647;
			files = (
			);
			runOnlyForDeploymentPostprocessing = 0;
		};
		2882AC451E2D8FE1009ED5C4 /* Frameworks */ = {
			isa = PBXFrameworksBuildPhase;
			buildActionMask = 2147483647;
			files = (
			);
			runOnlyForDeploymentPostprocessing = 0;
		};
		2882AC501E2D8FE1009ED5C4 /* Frameworks */ = {
			isa = PBXFrameworksBuildPhase;
			buildActionMask = 2147483647;
			files = (
			);
			runOnlyForDeploymentPostprocessing = 0;
		};
/* End PBXFrameworksBuildPhase section */

/* Begin PBXGroup section */
		2882AC291E2D8FE1009ED5C4 = {
			isa = PBXGroup;
			children = (
				2882AC341E2D8FE1009ED5C4 /* Map Routing - Dijikstra */,
				2882AC331E2D8FE1009ED5C4 /* Products */,
			);
			sourceTree = "<group>";
		};
		2882AC331E2D8FE1009ED5C4 /* Products */ = {
			isa = PBXGroup;
			children = (
				2882AC321E2D8FE1009ED5C4 /* Map Routing - Dijkstra.app */,
				2882AC481E2D8FE1009ED5C4 /* Map Routing - DijkstraTests.xctest */,
				2882AC531E2D8FE1009ED5C4 /* Map Routing - DijkstraUITests.xctest */,
			);
			name = Products;
			sourceTree = "<group>";
		};
		2882AC341E2D8FE1009ED5C4 /* Map Routing - Dijikstra */ = {
			isa = PBXGroup;
			children = (
				2882AC351E2D8FE1009ED5C4 /* AppDelegate.h */,
				2882AC361E2D8FE1009ED5C4 /* AppDelegate.m */,
				2882AC3B1E2D8FE1009ED5C4 /* ViewController.h */,
				2882AC3C1E2D8FE1009ED5C4 /* ViewController.m */,
				2882AC651E2D8FF1009ED5C4 /* program.cpp */,
				2882AC661E2D8FF1009ED5C4 /* program.hpp */,
				28F9F5DC1E2DB0100005D0F6 /* Classes */,
				2882AC3E1E2D8FE1009ED5C4 /* Assets.xcassets */,
				2882AC401E2D8FE1009ED5C4 /* Main.storyboard */,
				2882AC431E2D8FE1009ED5C4 /* Info.plist */,
				2882AC381E2D8FE1009ED5C4 /* Supporting Files */,
			);
			path = "Map Routing - Dijikstra";
			sourceTree = "<group>";
		};
		2882AC381E2D8FE1009ED5C4 /* Supporting Files */ = {
			isa = PBXGroup;
			children = (
				2882AC391E2D8FE1009ED5C4 /* main.m */,
			);
			name = "Supporting Files";
			sourceTree = "<group>";
		};
		28F9F5DC1E2DB0100005D0F6 /* Classes */ = {
			isa = PBXGroup;
			children = (
				28F9F5E71E2DB71D0005D0F6 /* Heap.swift */,
				28F9F5E31E2DB11C0005D0F6 /* PQ.h */,
				28F9F5E41E2DB11C0005D0F6 /* PQ.m */,
				28F9F5E01E2DB1080005D0F6 /* Heap.h */,
				28F9F5E11E2DB1080005D0F6 /* Heap.m */,
				28F9F5D31E2DAFC30005D0F6 /* Graph.h */,
				28F9F5D41E2DAFC30005D0F6 /* Graph.m */,
				28F9F5D61E2DAFCC0005D0F6 /* Vertex.h */,
				28F9F5D71E2DAFCC0005D0F6 /* Vertex.m */,
				28F9F5DD1E2DB0DC0005D0F6 /* Queue.h */,
				28F9F5DE1E2DB0DC0005D0F6 /* Queue.m */,
				28F9F5E61E2DB71D0005D0F6 /* Map Routing - Dijkstra-Bridging-Header.h */,
			);
			name = Classes;
			sourceTree = "<group>";
		};
/* End PBXGroup section */

/* Begin PBXNativeTarget section */
		2882AC311E2D8FE1009ED5C4 /* Map Routing - Dijkstra */ = {
			isa = PBXNativeTarget;
			buildConfigurationList = 2882AC5C1E2D8FE1009ED5C4 /* Build configuration list for PBXNativeTarget "Map Routing - Dijkstra" */;
			buildPhases = (
				2882AC2E1E2D8FE1009ED5C4 /* Sources */,
				2882AC2F1E2D8FE1009ED5C4 /* Frameworks */,
				2882AC301E2D8FE1009ED5C4 /* Resources */,
			);
			buildRules = (
			);
			dependencies = (
			);
			name = "Map Routing - Dijkstra";
			productName = "Map Routing - Dijikstra";
			productReference = 2882AC321E2D8FE1009ED5C4 /* Map Routing - Dijkstra.app */;
			productType = "com.apple.product-type.application";
		};
		2882AC471E2D8FE1009ED5C4 /* Map Routing - DijkstraTests */ = {
			isa = PBXNativeTarget;
			buildConfigurationList = 2882AC5F1E2D8FE1009ED5C4 /* Build configuration list for PBXNativeTarget "Map Routing - DijkstraTests" */;
			buildPhases = (
				2882AC441E2D8FE1009ED5C4 /* Sources */,
				2882AC451E2D8FE1009ED5C4 /* Frameworks */,
				2882AC461E2D8FE1009ED5C4 /* Resources */,
			);
			buildRules = (
			);
			dependencies = (
				2882AC4A1E2D8FE1009ED5C4 /* PBXTargetDependency */,
			);
			name = "Map Routing - DijkstraTests";
			productName = "Map Routing - DijikstraTests";
			productReference = 2882AC481E2D8FE1009ED5C4 /* Map Routing - DijkstraTests.xctest */;
			productType = "com.apple.product-type.bundle.unit-test";
		};
		2882AC521E2D8FE1009ED5C4 /* Map Routing - DijkstraUITests */ = {
			isa = PBXNativeTarget;
			buildConfigurationList = 2882AC621E2D8FE1009ED5C4 /* Build configuration list for PBXNativeTarget "Map Routing - DijkstraUITests" */;
			buildPhases = (
				2882AC4F1E2D8FE1009ED5C4 /* Sources */,
				2882AC501E2D8FE1009ED5C4 /* Frameworks */,
				2882AC511E2D8FE1009ED5C4 /* Resources */,
			);
			buildRules = (
			);
			dependencies = (
				2882AC551E2D8FE1009ED5C4 /* PBXTargetDependency */,
			);
			name = "Map Routing - DijkstraUITests";
			productName = "Map Routing - DijikstraUITests";
			productReference = 2882AC531E2D8FE1009ED5C4 /* Map Routing - DijkstraUITests.xctest */;
			productType = "com.apple.product-type.bundle.ui-testing";
		};
/* End PBXNativeTarget section */

/* Begin PBXProject section */
		2882AC2A1E2D8FE1009ED5C4 /* Project object */ = {
			isa = PBXProject;
			attributes = {
				LastUpgradeCheck = 0820;
				ORGANIZATIONNAME = "Yongyang Nie";
				TargetAttributes = {
					2882AC311E2D8FE1009ED5C4 = {
						CreatedOnToolsVersion = 8.2.1;
						DevelopmentTeam = 8NZ8K5GNH8;
						LastSwiftMigration = 0820;
						ProvisioningStyle = Automatic;
					};
					2882AC471E2D8FE1009ED5C4 = {
						CreatedOnToolsVersion = 8.2.1;
						DevelopmentTeam = 8NZ8K5GNH8;
						ProvisioningStyle = Automatic;
						TestTargetID = 2882AC311E2D8FE1009ED5C4;
					};
					2882AC521E2D8FE1009ED5C4 = {
						CreatedOnToolsVersion = 8.2.1;
						DevelopmentTeam = 8NZ8K5GNH8;
						ProvisioningStyle = Automatic;
						TestTargetID = 2882AC311E2D8FE1009ED5C4;
					};
				};
			};
			buildConfigurationList = 2882AC2D1E2D8FE1009ED5C4 /* Build configuration list for PBXProject "Map Routing - Dijkstra" */;
			compatibilityVersion = "Xcode 3.2";
			developmentRegion = English;
			hasScannedForEncodings = 0;
			knownRegions = (
				en,
				Base,
			);
			mainGroup = 2882AC291E2D8FE1009ED5C4;
			productRefGroup = 2882AC331E2D8FE1009ED5C4 /* Products */;
			projectDirPath = "";
			projectRoot = "";
			targets = (
				2882AC311E2D8FE1009ED5C4 /* Map Routing - Dijkstra */,
				2882AC471E2D8FE1009ED5C4 /* Map Routing - DijkstraTests */,
				2882AC521E2D8FE1009ED5C4 /* Map Routing - DijkstraUITests */,
			);
		};
/* End PBXProject section */

/* Begin PBXResourcesBuildPhase section */
		2882AC301E2D8FE1009ED5C4 /* Resources */ = {
			isa = PBXResourcesBuildPhase;
			buildActionMask = 2147483647;
			files = (
				2882AC3F1E2D8FE1009ED5C4 /* Assets.xcassets in Resources */,
				2882AC421E2D8FE1009ED5C4 /* Main.storyboard in Resources */,
			);
			runOnlyForDeploymentPostprocessing = 0;
		};
		2882AC461E2D8FE1009ED5C4 /* Resources */ = {
			isa = PBXResourcesBuildPhase;
			buildActionMask = 2147483647;
			files = (
			);
			runOnlyForDeploymentPostprocessing = 0;
		};
		2882AC511E2D8FE1009ED5C4 /* Resources */ = {
			isa = PBXResourcesBuildPhase;
			buildActionMask = 2147483647;
			files = (
			);
			runOnlyForDeploymentPostprocessing = 0;
		};
/* End PBXResourcesBuildPhase section */

/* Begin PBXSourcesBuildPhase section */
		2882AC2E1E2D8FE1009ED5C4 /* Sources */ = {
			isa = PBXSourcesBuildPhase;
			buildActionMask = 2147483647;
			files = (
				2882AC671E2D8FF1009ED5C4 /* program.cpp in Sources */,
				28F9F5E81E2DB71D0005D0F6 /* Heap.swift in Sources */,
				28F9F5D81E2DAFCC0005D0F6 /* Vertex.m in Sources */,
				28F9F5E51E2DB11C0005D0F6 /* PQ.m in Sources */,
				2882AC3D1E2D8FE1009ED5C4 /* ViewController.m in Sources */,
				2882AC3A1E2D8FE1009ED5C4 /* main.m in Sources */,
				28F9F5D51E2DAFC30005D0F6 /* Graph.m in Sources */,
				2882AC371E2D8FE1009ED5C4 /* AppDelegate.m in Sources */,
				28F9F5DF1E2DB0DC0005D0F6 /* Queue.m in Sources */,
				28F9F5E21E2DB1080005D0F6 /* Heap.m in Sources */,
			);
			runOnlyForDeploymentPostprocessing = 0;
		};
		2882AC441E2D8FE1009ED5C4 /* Sources */ = {
			isa = PBXSourcesBuildPhase;
			buildActionMask = 2147483647;
			files = (
			);
			runOnlyForDeploymentPostprocessing = 0;
		};
		2882AC4F1E2D8FE1009ED5C4 /* Sources */ = {
			isa = PBXSourcesBuildPhase;
			buildActionMask = 2147483647;
			files = (
			);
			runOnlyForDeploymentPostprocessing = 0;
		};
/* End PBXSourcesBuildPhase section */

/* Begin PBXTargetDependency section */
		2882AC4A1E2D8FE1009ED5C4 /* PBXTargetDependency */ = {
			isa = PBXTargetDependency;
			target = 2882AC311E2D8FE1009ED5C4 /* Map Routing - Dijkstra */;
			targetProxy = 2882AC491E2D8FE1009ED5C4 /* PBXContainerItemProxy */;
		};
		2882AC551E2D8FE1009ED5C4 /* PBXTargetDependency */ = {
			isa = PBXTargetDependency;
			target = 2882AC311E2D8FE1009ED5C4 /* Map Routing - Dijkstra */;
			targetProxy = 2882AC541E2D8FE1009ED5C4 /* PBXContainerItemProxy */;
		};
/* End PBXTargetDependency section */

/* Begin PBXVariantGroup section */
		2882AC401E2D8FE1009ED5C4 /* Main.storyboard */ = {
			isa = PBXVariantGroup;
			children = (
				2882AC411E2D8FE1009ED5C4 /* Base */,
			);
			name = Main.storyboard;
			sourceTree = "<group>";
		};
/* End PBXVariantGroup section */

/* Begin XCBuildConfiguration section */
		2882AC5A1E2D8FE1009ED5C4 /* Debug */ = {
			isa = XCBuildConfiguration;
			buildSettings = {
				ALWAYS_SEARCH_USER_PATHS = NO;
				CLANG_ANALYZER_NONNULL = YES;
				CLANG_CXX_LANGUAGE_STANDARD = "gnu++0x";
				CLANG_CXX_LIBRARY = "libc++";
				CLANG_ENABLE_MODULES = YES;
				CLANG_ENABLE_OBJC_ARC = YES;
				CLANG_WARN_BOOL_CONVERSION = YES;
				CLANG_WARN_CONSTANT_CONVERSION = YES;
				CLANG_WARN_DIRECT_OBJC_ISA_USAGE = YES_ERROR;
				CLANG_WARN_DOCUMENTATION_COMMENTS = YES;
				CLANG_WARN_EMPTY_BODY = YES;
				CLANG_WARN_ENUM_CONVERSION = YES;
				CLANG_WARN_INFINITE_RECURSION = YES;
				CLANG_WARN_INT_CONVERSION = YES;
				CLANG_WARN_OBJC_ROOT_CLASS = YES_ERROR;
				CLANG_WARN_SUSPICIOUS_MOVE = YES;
				CLANG_WARN_UNREACHABLE_CODE = YES;
				CLANG_WARN__DUPLICATE_METHOD_MATCH = YES;
				CODE_SIGN_IDENTITY = "-";
				COPY_PHASE_STRIP = NO;
				DEBUG_INFORMATION_FORMAT = dwarf;
				ENABLE_STRICT_OBJC_MSGSEND = YES;
				ENABLE_TESTABILITY = YES;
				GCC_C_LANGUAGE_STANDARD = gnu99;
				GCC_DYNAMIC_NO_PIC = NO;
				GCC_NO_COMMON_BLOCKS = YES;
				GCC_OPTIMIZATION_LEVEL = 0;
				GCC_PREPROCESSOR_DEFINITIONS = (
					"DEBUG=1",
					"$(inherited)",
				);
				GCC_WARN_64_TO_32_BIT_CONVERSION = YES;
				GCC_WARN_ABOUT_RETURN_TYPE = YES_ERROR;
				GCC_WARN_UNDECLARED_SELECTOR = YES;
				GCC_WARN_UNINITIALIZED_AUTOS = YES_AGGRESSIVE;
				GCC_WARN_UNUSED_FUNCTION = YES;
				GCC_WARN_UNUSED_VARIABLE = YES;
				MACOSX_DEPLOYMENT_TARGET = 10.12;
				MTL_ENABLE_DEBUG_INFO = YES;
				ONLY_ACTIVE_ARCH = YES;
				SDKROOT = macosx;
			};
			name = Debug;
		};
		2882AC5B1E2D8FE1009ED5C4 /* Release */ = {
			isa = XCBuildConfiguration;
			buildSettings = {
				ALWAYS_SEARCH_USER_PATHS = NO;
				CLANG_ANALYZER_NONNULL = YES;
				CLANG_CXX_LANGUAGE_STANDARD = "gnu++0x";
				CLANG_CXX_LIBRARY = "libc++";
				CLANG_ENABLE_MODULES = YES;
				CLANG_ENABLE_OBJC_ARC = YES;
				CLANG_WARN_BOOL_CONVERSION = YES;
				CLANG_WARN_CONSTANT_CONVERSION = YES;
				CLANG_WARN_DIRECT_OBJC_ISA_USAGE = YES_ERROR;
				CLANG_WARN_DOCUMENTATION_COMMENTS = YES;
				CLANG_WARN_EMPTY_BODY = YES;
				CLANG_WARN_ENUM_CONVERSION = YES;
				CLANG_WARN_INFINITE_RECURSION = YES;
				CLANG_WARN_INT_CONVERSION = YES;
				CLANG_WARN_OBJC_ROOT_CLASS = YES_ERROR;
				CLANG_WARN_SUSPICIOUS_MOVE = YES;
				CLANG_WARN_UNREACHABLE_CODE = YES;
				CLANG_WARN__DUPLICATE_METHOD_MATCH = YES;
				CODE_SIGN_IDENTITY = "-";
				COPY_PHASE_STRIP = NO;
				DEBUG_INFORMATION_FORMAT = "dwarf-with-dsym";
				ENABLE_NS_ASSERTIONS = NO;
				ENABLE_STRICT_OBJC_MSGSEND = YES;
				GCC_C_LANGUAGE_STANDARD = gnu99;
				GCC_NO_COMMON_BLOCKS = YES;
				GCC_WARN_64_TO_32_BIT_CONVERSION = YES;
				GCC_WARN_ABOUT_RETURN_TYPE = YES_ERROR;
				GCC_WARN_UNDECLARED_SELECTOR = YES;
				GCC_WARN_UNINITIALIZED_AUTOS = YES_AGGRESSIVE;
				GCC_WARN_UNUSED_FUNCTION = YES;
				GCC_WARN_UNUSED_VARIABLE = YES;
				MACOSX_DEPLOYMENT_TARGET = 10.12;
				MTL_ENABLE_DEBUG_INFO = NO;
				SDKROOT = macosx;
			};
			name = Release;
		};
		2882AC5D1E2D8FE1009ED5C4 /* Debug */ = {
			isa = XCBuildConfiguration;
			buildSettings = {
				ASSETCATALOG_COMPILER_APPICON_NAME = AppIcon;
				CLANG_ENABLE_MODULES = YES;
				COMBINE_HIDPI_IMAGES = YES;
				DEVELOPMENT_TEAM = 8NZ8K5GNH8;
				INFOPLIST_FILE = "Map Routing - Dijikstra/Info.plist";
				LD_RUNPATH_SEARCH_PATHS = "$(inherited) @executable_path/../Frameworks";
				PRODUCT_BUNDLE_IDENTIFIER = "com.yongyang.Map-Routing---Dijikstra";
				PRODUCT_NAME = "$(TARGET_NAME)";
				SWIFT_OBJC_BRIDGING_HEADER = "Map Routing - Dijikstra/Map Routing - Dijkstra-Bridging-Header.h";
				SWIFT_OPTIMIZATION_LEVEL = "-Onone";
				SWIFT_VERSION = 3.0;
			};
			name = Debug;
		};
		2882AC5E1E2D8FE1009ED5C4 /* Release */ = {
			isa = XCBuildConfiguration;
			buildSettings = {
				ASSETCATALOG_COMPILER_APPICON_NAME = AppIcon;
				CLANG_ENABLE_MODULES = YES;
				COMBINE_HIDPI_IMAGES = YES;
				DEVELOPMENT_TEAM = 8NZ8K5GNH8;
				INFOPLIST_FILE = "Map Routing - Dijikstra/Info.plist";
				LD_RUNPATH_SEARCH_PATHS = "$(inherited) @executable_path/../Frameworks";
				PRODUCT_BUNDLE_IDENTIFIER = "com.yongyang.Map-Routing---Dijikstra";
				PRODUCT_NAME = "$(TARGET_NAME)";
				SWIFT_OBJC_BRIDGING_HEADER = "Map Routing - Dijikstra/Map Routing - Dijkstra-Bridging-Header.h";
				SWIFT_VERSION = 3.0;
			};
			name = Release;
		};
		2882AC601E2D8FE1009ED5C4 /* Debug */ = {
			isa = XCBuildConfiguration;
			buildSettings = {
				ALWAYS_EMBED_SWIFT_STANDARD_LIBRARIES = YES;
				BUNDLE_LOADER = "$(TEST_HOST)";
				COMBINE_HIDPI_IMAGES = YES;
				DEVELOPMENT_TEAM = 8NZ8K5GNH8;
				INFOPLIST_FILE = "Map Routing - DijikstraTests/Info.plist";
				LD_RUNPATH_SEARCH_PATHS = "$(inherited) @executable_path/../Frameworks @loader_path/../Frameworks";
				PRODUCT_BUNDLE_IDENTIFIER = "com.yongyang.Map-Routing---DijikstraTests";
				PRODUCT_NAME = "$(TARGET_NAME)";
				TEST_HOST = "$(BUILT_PRODUCTS_DIR)/Map Routing - Dijkstra.app/Contents/MacOS/Map Routing - Dijkstra";
			};
			name = Debug;
		};
		2882AC611E2D8FE1009ED5C4 /* Release */ = {
			isa = XCBuildConfiguration;
			buildSettings = {
				ALWAYS_EMBED_SWIFT_STANDARD_LIBRARIES = YES;
				BUNDLE_LOADER = "$(TEST_HOST)";
				COMBINE_HIDPI_IMAGES = YES;
				DEVELOPMENT_TEAM = 8NZ8K5GNH8;
				INFOPLIST_FILE = "Map Routing - DijikstraTests/Info.plist";
				LD_RUNPATH_SEARCH_PATHS = "$(inherited) @executable_path/../Frameworks @loader_path/../Frameworks";
				PRODUCT_BUNDLE_IDENTIFIER = "com.yongyang.Map-Routing---DijikstraTests";
				PRODUCT_NAME = "$(TARGET_NAME)";
				TEST_HOST = "$(BUILT_PRODUCTS_DIR)/Map Routing - Dijkstra.app/Contents/MacOS/Map Routing - Dijkstra";
			};
			name = Release;
		};
		2882AC631E2D8FE1009ED5C4 /* Debug */ = {
			isa = XCBuildConfiguration;
			buildSettings = {
				ALWAYS_EMBED_SWIFT_STANDARD_LIBRARIES = YES;
				COMBINE_HIDPI_IMAGES = YES;
				DEVELOPMENT_TEAM = 8NZ8K5GNH8;
				INFOPLIST_FILE = "Map Routing - DijikstraUITests/Info.plist";
				LD_RUNPATH_SEARCH_PATHS = "$(inherited) @executable_path/../Frameworks @loader_path/../Frameworks";
				PRODUCT_BUNDLE_IDENTIFIER = "com.yongyang.Map-Routing---DijikstraUITests";
				PRODUCT_NAME = "$(TARGET_NAME)";
				TEST_TARGET_NAME = "Map Routing - Dijikstra";
			};
			name = Debug;
		};
		2882AC641E2D8FE1009ED5C4 /* Release */ = {
			isa = XCBuildConfiguration;
			buildSettings = {
				ALWAYS_EMBED_SWIFT_STANDARD_LIBRARIES = YES;
				COMBINE_HIDPI_IMAGES = YES;
				DEVELOPMENT_TEAM = 8NZ8K5GNH8;
				INFOPLIST_FILE = "Map Routing - DijikstraUITests/Info.plist";
				LD_RUNPATH_SEARCH_PATHS = "$(inherited) @executable_path/../Frameworks @loader_path/../Frameworks";
				PRODUCT_BUNDLE_IDENTIFIER = "com.yongyang.Map-Routing---DijikstraUITests";
				PRODUCT_NAME = "$(TARGET_NAME)";
				TEST_TARGET_NAME = "Map Routing - Dijikstra";
			};
			name = Release;
		};
/* End XCBuildConfiguration section */

/* Begin XCConfigurationList section */
		2882AC2D1E2D8FE1009ED5C4 /* Build configuration list for PBXProject "Map Routing - Dijkstra" */ = {
			isa = XCConfigurationList;
			buildConfigurations = (
				2882AC5A1E2D8FE1009ED5C4 /* Debug */,
				2882AC5B1E2D8FE1009ED5C4 /* Release */,
			);
			defaultConfigurationIsVisible = 0;
			defaultConfigurationName = Release;
		};
		2882AC5C1E2D8FE1009ED5C4 /* Build configuration list for PBXNativeTarget "Map Routing - Dijkstra" */ = {
			isa = XCConfigurationList;
			buildConfigurations = (
				2882AC5D1E2D8FE1009ED5C4 /* Debug */,
				2882AC5E1E2D8FE1009ED5C4 /* Release */,
			);
			defaultConfigurationIsVisible = 0;
			defaultConfigurationName = Release;
		};
		2882AC5F1E2D8FE1009ED5C4 /* Build configuration list for PBXNativeTarget "Map Routing - DijkstraTests" */ = {
			isa = XCConfigurationList;
			buildConfigurations = (
				2882AC601E2D8FE1009ED5C4 /* Debug */,
				2882AC611E2D8FE1009ED5C4 /* Release */,
			);
			defaultConfigurationIsVisible = 0;
			defaultConfigurationName = Release;
		};
		2882AC621E2D8FE1009ED5C4 /* Build configuration list for PBXNativeTarget "Map Routing - DijkstraUITests" */ = {
			isa = XCConfigurationList;
			buildConfigurations = (
				2882AC631E2D8FE1009ED5C4 /* Debug */,
				2882AC641E2D8FE1009ED5C4 /* Release */,
			);
			defaultConfigurationIsVisible = 0;
			defaultConfigurationName = Release;
		};
/* End XCConfigurationList section */
	};
	rootObject = 2882AC2A1E2D8FE1009ED5C4 /* Project object */;
}
